// !$*UTF8*$!
{
	archiveVersion = 1;
	classes = {
	};
	objectVersion = 48;
	objects = {

/* Begin PBXBuildFile section */
		DE7AF8F11FB2201A00C2D29C /* ProviderDelegate.swift in Sources */ = {isa = PBXBuildFile; fileRef = DE7AF8F01FB2201A00C2D29C /* ProviderDelegate.swift */; };
		DE7AF8F71FB221F400C2D29C /* SpeakerboxCallManager.swift in Sources */ = {isa = PBXBuildFile; fileRef = DE7AF8F61FB221F400C2D29C /* SpeakerboxCallManager.swift */; };
		DE7AF8F91FB221FF00C2D29C /* SpeakerboxCall.swift in Sources */ = {isa = PBXBuildFile; fileRef = DE7AF8F81FB221FF00C2D29C /* SpeakerboxCall.swift */; };
		DE7AF8FC1FB2228600C2D29C /* StartCallConvertible.swift in Sources */ = {isa = PBXBuildFile; fileRef = DE7AF8FB1FB2228600C2D29C /* StartCallConvertible.swift */; };
		DE7AF8FE1FB2229D00C2D29C /* URL+StartCallConvertible.swift in Sources */ = {isa = PBXBuildFile; fileRef = DE7AF8FD1FB2229D00C2D29C /* URL+StartCallConvertible.swift */; };
		DE7AF9001FB222BA00C2D29C /* NSUserActivity+StartCallConvertible.swift in Sources */ = {isa = PBXBuildFile; fileRef = DE7AF8FF1FB222BA00C2D29C /* NSUserActivity+StartCallConvertible.swift */; };
		DE7AF9081FB2246700C2D29C /* AudioController.mm in Sources */ = {isa = PBXBuildFile; fileRef = DE7AF9071FB2246700C2D29C /* AudioController.mm */; settings = {COMPILER_FLAGS = "-fno-objc-arc"; }; };
		DE7B961A1FB23DD5009D7CD2 /* IntentHandler.swift in Sources */ = {isa = PBXBuildFile; fileRef = DE7B96191FB23DD5009D7CD2 /* IntentHandler.swift */; };
		DE7B96231FB23DD5009D7CD2 /* IntentsUI.framework in Frameworks */ = {isa = PBXBuildFile; fileRef = DE7B96221FB23DD5009D7CD2 /* IntentsUI.framework */; };
		DE7B96261FB23DD5009D7CD2 /* IntentViewController.swift in Sources */ = {isa = PBXBuildFile; fileRef = DE7B96251FB23DD5009D7CD2 /* IntentViewController.swift */; };
		DE7B96291FB23DD5009D7CD2 /* MainInterface.storyboard in Resources */ = {isa = PBXBuildFile; fileRef = DE7B96271FB23DD5009D7CD2 /* MainInterface.storyboard */; };
		DE7B962E1FB23DD5009D7CD2 /* IntentsExtensionUI.appex in Embed App Extensions */ = {isa = PBXBuildFile; fileRef = DE7B96201FB23DD5009D7CD2 /* IntentsExtensionUI.appex */; settings = {ATTRIBUTES = (RemoveHeadersOnCopy, ); }; };
		DE7B96311FB23DD5009D7CD2 /* IntentsExtension.appex in Embed App Extensions */ = {isa = PBXBuildFile; fileRef = DE7B96171FB23DD5009D7CD2 /* IntentsExtension.appex */; settings = {ATTRIBUTES = (RemoveHeadersOnCopy, ); }; };
		DE83C98A1FB218B20078CD01 /* AppDelegate.swift in Sources */ = {isa = PBXBuildFile; fileRef = DE83C9891FB218B20078CD01 /* AppDelegate.swift */; };
		DE83C98F1FB218B20078CD01 /* Main.storyboard in Resources */ = {isa = PBXBuildFile; fileRef = DE83C98D1FB218B20078CD01 /* Main.storyboard */; };
		DE83C9941FB218B20078CD01 /* LaunchScreen.storyboard in Resources */ = {isa = PBXBuildFile; fileRef = DE83C9921FB218B20078CD01 /* LaunchScreen.storyboard */; };
		DE83C99F1FB218B20078CD01 /* CallKittyTests.swift in Sources */ = {isa = PBXBuildFile; fileRef = DE83C99E1FB218B20078CD01 /* CallKittyTests.swift */; };
		DE83C9AA1FB218B20078CD01 /* CallKittyUITests.swift in Sources */ = {isa = PBXBuildFile; fileRef = DE83C9A91FB218B20078CD01 /* CallKittyUITests.swift */; };
		DE842F201FB2290000F9936D /* Array+Speakerbox.swift in Sources */ = {isa = PBXBuildFile; fileRef = DE842F1F1FB2290000F9936D /* Array+Speakerbox.swift */; };
		DE842F221FB2292300F9936D /* UIFont+Speakerbox.swift in Sources */ = {isa = PBXBuildFile; fileRef = DE842F211FB2292200F9936D /* UIFont+Speakerbox.swift */; };
		DE842F261FB22B1C00F9936D /* CADebugMacros.cpp in Sources */ = {isa = PBXBuildFile; fileRef = DE842F241FB22B1C00F9936D /* CADebugMacros.cpp */; settings = {COMPILER_FLAGS = "-fno-objc-arc"; }; };
		DE842F2C1FB22B4800F9936D /* CAStreamBasicDescription.cpp in Sources */ = {isa = PBXBuildFile; fileRef = DE842F281FB22B4800F9936D /* CAStreamBasicDescription.cpp */; settings = {COMPILER_FLAGS = "-fno-objc-arc"; }; };
		DE842F2D1FB22B4800F9936D /* CAXException.cpp in Sources */ = {isa = PBXBuildFile; fileRef = DE842F2A1FB22B4800F9936D /* CAXException.cpp */; settings = {COMPILER_FLAGS = "-fno-objc-arc"; }; };
		DE842F2F1FB22E3500F9936D /* CallsViewController.swift in Sources */ = {isa = PBXBuildFile; fileRef = DE842F2E1FB22E3500F9936D /* CallsViewController.swift */; };
		DE842F311FB22E5B00F9936D /* DialOptionsViewController.swift in Sources */ = {isa = PBXBuildFile; fileRef = DE842F301FB22E5B00F9936D /* DialOptionsViewController.swift */; };
		DE842F331FB22E7400F9936D /* SimulateIncomingCallViewController.swift in Sources */ = {isa = PBXBuildFile; fileRef = DE842F321FB22E7400F9936D /* SimulateIncomingCallViewController.swift */; };
		DE842F361FB22EE600F9936D /* CallSummaryTableViewCell.swift in Sources */ = {isa = PBXBuildFile; fileRef = DE842F351FB22EE600F9936D /* CallSummaryTableViewCell.swift */; };
		DE842F391FB22F4400F9936D /* CallDurationFormatter.swift in Sources */ = {isa = PBXBuildFile; fileRef = DE842F381FB22F4400F9936D /* CallDurationFormatter.swift */; };
		DE842F3C1FB2301300F9936D /* Localizable.strings in Resources */ = {isa = PBXBuildFile; fileRef = DE842F3A1FB2301300F9936D /* Localizable.strings */; };
		DE842F3F1FB2355900F9936D /* Ringtone.aif in Resources */ = {isa = PBXBuildFile; fileRef = DE842F3E1FB2354B00F9936D /* Ringtone.aif */; };
		DE842F411FB236C500F9936D /* CallAudio.swift in Sources */ = {isa = PBXBuildFile; fileRef = DE842F401FB236C500F9936D /* CallAudio.swift */; };
		DE842F431FB239A100F9936D /* Assets.xcassets in Resources */ = {isa = PBXBuildFile; fileRef = DE842F421FB239A100F9936D /* Assets.xcassets */; };
/* End PBXBuildFile section */

/* Begin PBXContainerItemProxy section */
		DE7B962B1FB23DD5009D7CD2 /* PBXContainerItemProxy */ = {
			isa = PBXContainerItemProxy;
			containerPortal = DE83C97E1FB218B20078CD01 /* Project object */;
			proxyType = 1;
			remoteGlobalIDString = DE7B961F1FB23DD5009D7CD2;
			remoteInfo = IntentsExtensionUI;
		};
		DE7B962F1FB23DD5009D7CD2 /* PBXContainerItemProxy */ = {
			isa = PBXContainerItemProxy;
			containerPortal = DE83C97E1FB218B20078CD01 /* Project object */;
			proxyType = 1;
			remoteGlobalIDString = DE7B96161FB23DD5009D7CD2;
			remoteInfo = IntentsExtension;
		};
		DE83C99B1FB218B20078CD01 /* PBXContainerItemProxy */ = {
			isa = PBXContainerItemProxy;
			containerPortal = DE83C97E1FB218B20078CD01 /* Project object */;
			proxyType = 1;
			remoteGlobalIDString = DE83C9851FB218B20078CD01;
			remoteInfo = CallKitty;
		};
		DE83C9A61FB218B20078CD01 /* PBXContainerItemProxy */ = {
			isa = PBXContainerItemProxy;
			containerPortal = DE83C97E1FB218B20078CD01 /* Project object */;
			proxyType = 1;
			remoteGlobalIDString = DE83C9851FB218B20078CD01;
			remoteInfo = CallKitty;
		};
/* End PBXContainerItemProxy section */

/* Begin PBXCopyFilesBuildPhase section */
		DE7B962D1FB23DD5009D7CD2 /* Embed App Extensions */ = {
			isa = PBXCopyFilesBuildPhase;
			buildActionMask = 2147483647;
			dstPath = "";
			dstSubfolderSpec = 13;
			files = (
				DE7B96311FB23DD5009D7CD2 /* IntentsExtension.appex in Embed App Extensions */,
				DE7B962E1FB23DD5009D7CD2 /* IntentsExtensionUI.appex in Embed App Extensions */,
			);
			name = "Embed App Extensions";
			runOnlyForDeploymentPostprocessing = 0;
		};
/* End PBXCopyFilesBuildPhase section */

/* Begin PBXFileReference section */
		DE7AF8E81FB21BE100C2D29C /* README.md */ = {isa = PBXFileReference; lastKnownFileType = net.daringfireball.markdown; path = README.md; sourceTree = "<group>"; };
		DE7AF8F01FB2201A00C2D29C /* ProviderDelegate.swift */ = {isa = PBXFileReference; fileEncoding = 4; lastKnownFileType = sourcecode.swift; path = ProviderDelegate.swift; sourceTree = "<group>"; };
		DE7AF8F61FB221F400C2D29C /* SpeakerboxCallManager.swift */ = {isa = PBXFileReference; fileEncoding = 4; lastKnownFileType = sourcecode.swift; path = SpeakerboxCallManager.swift; sourceTree = "<group>"; };
		DE7AF8F81FB221FF00C2D29C /* SpeakerboxCall.swift */ = {isa = PBXFileReference; fileEncoding = 4; lastKnownFileType = sourcecode.swift; path = SpeakerboxCall.swift; sourceTree = "<group>"; };
		DE7AF8FB1FB2228600C2D29C /* StartCallConvertible.swift */ = {isa = PBXFileReference; fileEncoding = 4; lastKnownFileType = sourcecode.swift; path = StartCallConvertible.swift; sourceTree = "<group>"; };
		DE7AF8FD1FB2229D00C2D29C /* URL+StartCallConvertible.swift */ = {isa = PBXFileReference; fileEncoding = 4; lastKnownFileType = sourcecode.swift; path = "URL+StartCallConvertible.swift"; sourceTree = "<group>"; };
		DE7AF8FF1FB222BA00C2D29C /* NSUserActivity+StartCallConvertible.swift */ = {isa = PBXFileReference; fileEncoding = 4; lastKnownFileType = sourcecode.swift; path = "NSUserActivity+StartCallConvertible.swift"; sourceTree = "<group>"; };
		DE7AF9051FB2243F00C2D29C /* AudioController.h */ = {isa = PBXFileReference; lastKnownFileType = sourcecode.c.h; path = AudioController.h; sourceTree = "<group>"; };
		DE7AF9071FB2246700C2D29C /* AudioController.mm */ = {isa = PBXFileReference; fileEncoding = 4; lastKnownFileType = sourcecode.cpp.objcpp; path = AudioController.mm; sourceTree = "<group>"; };
		DE7B96171FB23DD5009D7CD2 /* IntentsExtension.appex */ = {isa = PBXFileReference; explicitFileType = "wrapper.app-extension"; includeInIndex = 0; path = IntentsExtension.appex; sourceTree = BUILT_PRODUCTS_DIR; };
		DE7B96191FB23DD5009D7CD2 /* IntentHandler.swift */ = {isa = PBXFileReference; lastKnownFileType = sourcecode.swift; path = IntentHandler.swift; sourceTree = "<group>"; };
		DE7B961B1FB23DD5009D7CD2 /* Info.plist */ = {isa = PBXFileReference; lastKnownFileType = text.plist.xml; path = Info.plist; sourceTree = "<group>"; };
		DE7B96201FB23DD5009D7CD2 /* IntentsExtensionUI.appex */ = {isa = PBXFileReference; explicitFileType = "wrapper.app-extension"; includeInIndex = 0; path = IntentsExtensionUI.appex; sourceTree = BUILT_PRODUCTS_DIR; };
		DE7B96221FB23DD5009D7CD2 /* IntentsUI.framework */ = {isa = PBXFileReference; lastKnownFileType = wrapper.framework; name = IntentsUI.framework; path = System/Library/Frameworks/IntentsUI.framework; sourceTree = SDKROOT; };
		DE7B96251FB23DD5009D7CD2 /* IntentViewController.swift */ = {isa = PBXFileReference; lastKnownFileType = sourcecode.swift; path = IntentViewController.swift; sourceTree = "<group>"; };
		DE7B96281FB23DD5009D7CD2 /* Base */ = {isa = PBXFileReference; lastKnownFileType = file.storyboard; name = Base; path = Base.lproj/MainInterface.storyboard; sourceTree = "<group>"; };
		DE7B962A1FB23DD5009D7CD2 /* Info.plist */ = {isa = PBXFileReference; lastKnownFileType = text.plist.xml; path = Info.plist; sourceTree = "<group>"; };
		DE83C9861FB218B20078CD01 /* CallKitty.app */ = {isa = PBXFileReference; explicitFileType = wrapper.application; includeInIndex = 0; path = CallKitty.app; sourceTree = BUILT_PRODUCTS_DIR; };
		DE83C9891FB218B20078CD01 /* AppDelegate.swift */ = {isa = PBXFileReference; lastKnownFileType = sourcecode.swift; path = AppDelegate.swift; sourceTree = "<group>"; };
		DE83C98E1FB218B20078CD01 /* Base */ = {isa = PBXFileReference; lastKnownFileType = file.storyboard; name = Base; path = Base.lproj/Main.storyboard; sourceTree = "<group>"; };
		DE83C9931FB218B20078CD01 /* Base */ = {isa = PBXFileReference; lastKnownFileType = file.storyboard; name = Base; path = Base.lproj/LaunchScreen.storyboard; sourceTree = "<group>"; };
		DE83C9951FB218B20078CD01 /* Info.plist */ = {isa = PBXFileReference; lastKnownFileType = text.plist.xml; path = Info.plist; sourceTree = "<group>"; };
		DE83C99A1FB218B20078CD01 /* CallKittyTests.xctest */ = {isa = PBXFileReference; explicitFileType = wrapper.cfbundle; includeInIndex = 0; path = CallKittyTests.xctest; sourceTree = BUILT_PRODUCTS_DIR; };
		DE83C99E1FB218B20078CD01 /* CallKittyTests.swift */ = {isa = PBXFileReference; lastKnownFileType = sourcecode.swift; path = CallKittyTests.swift; sourceTree = "<group>"; };
		DE83C9A01FB218B20078CD01 /* Info.plist */ = {isa = PBXFileReference; lastKnownFileType = text.plist.xml; path = Info.plist; sourceTree = "<group>"; };
		DE83C9A51FB218B20078CD01 /* CallKittyUITests.xctest */ = {isa = PBXFileReference; explicitFileType = wrapper.cfbundle; includeInIndex = 0; path = CallKittyUITests.xctest; sourceTree = BUILT_PRODUCTS_DIR; };
		DE83C9A91FB218B20078CD01 /* CallKittyUITests.swift */ = {isa = PBXFileReference; lastKnownFileType = sourcecode.swift; path = CallKittyUITests.swift; sourceTree = "<group>"; };
		DE83C9AB1FB218B20078CD01 /* Info.plist */ = {isa = PBXFileReference; lastKnownFileType = text.plist.xml; path = Info.plist; sourceTree = "<group>"; };
		DE842F1D1FB227BD00F9936D /* CallKitty-Bridging-Header.h */ = {isa = PBXFileReference; lastKnownFileType = sourcecode.c.h; path = "CallKitty-Bridging-Header.h"; sourceTree = "<group>"; };
		DE842F1F1FB2290000F9936D /* Array+Speakerbox.swift */ = {isa = PBXFileReference; fileEncoding = 4; lastKnownFileType = sourcecode.swift; path = "Array+Speakerbox.swift"; sourceTree = "<group>"; };
		DE842F211FB2292200F9936D /* UIFont+Speakerbox.swift */ = {isa = PBXFileReference; fileEncoding = 4; lastKnownFileType = sourcecode.swift; path = "UIFont+Speakerbox.swift"; sourceTree = "<group>"; };
		DE842F241FB22B1C00F9936D /* CADebugMacros.cpp */ = {isa = PBXFileReference; fileEncoding = 4; lastKnownFileType = sourcecode.cpp.cpp; path = CADebugMacros.cpp; sourceTree = "<group>"; };
		DE842F251FB22B1C00F9936D /* CADebugMacros.h */ = {isa = PBXFileReference; fileEncoding = 4; lastKnownFileType = sourcecode.c.h; path = CADebugMacros.h; sourceTree = "<group>"; };
		DE842F271FB22B4800F9936D /* CAXException.h */ = {isa = PBXFileReference; fileEncoding = 4; lastKnownFileType = sourcecode.c.h; path = CAXException.h; sourceTree = "<group>"; };
		DE842F281FB22B4800F9936D /* CAStreamBasicDescription.cpp */ = {isa = PBXFileReference; fileEncoding = 4; lastKnownFileType = sourcecode.cpp.cpp; path = CAStreamBasicDescription.cpp; sourceTree = "<group>"; };
		DE842F291FB22B4800F9936D /* CAStreamBasicDescription.h */ = {isa = PBXFileReference; fileEncoding = 4; lastKnownFileType = sourcecode.c.h; path = CAStreamBasicDescription.h; sourceTree = "<group>"; };
		DE842F2A1FB22B4800F9936D /* CAXException.cpp */ = {isa = PBXFileReference; fileEncoding = 4; lastKnownFileType = sourcecode.cpp.cpp; path = CAXException.cpp; sourceTree = "<group>"; };
		DE842F2B1FB22B4800F9936D /* CAMath.h */ = {isa = PBXFileReference; fileEncoding = 4; lastKnownFileType = sourcecode.c.h; path = CAMath.h; sourceTree = "<group>"; };
		DE842F2E1FB22E3500F9936D /* CallsViewController.swift */ = {isa = PBXFileReference; fileEncoding = 4; lastKnownFileType = sourcecode.swift; path = CallsViewController.swift; sourceTree = "<group>"; };
		DE842F301FB22E5B00F9936D /* DialOptionsViewController.swift */ = {isa = PBXFileReference; fileEncoding = 4; lastKnownFileType = sourcecode.swift; path = DialOptionsViewController.swift; sourceTree = "<group>"; };
		DE842F321FB22E7400F9936D /* SimulateIncomingCallViewController.swift */ = {isa = PBXFileReference; fileEncoding = 4; lastKnownFileType = sourcecode.swift; path = SimulateIncomingCallViewController.swift; sourceTree = "<group>"; };
		DE842F351FB22EE600F9936D /* CallSummaryTableViewCell.swift */ = {isa = PBXFileReference; fileEncoding = 4; lastKnownFileType = sourcecode.swift; path = CallSummaryTableViewCell.swift; sourceTree = "<group>"; };
		DE842F381FB22F4400F9936D /* CallDurationFormatter.swift */ = {isa = PBXFileReference; fileEncoding = 4; lastKnownFileType = sourcecode.swift; path = CallDurationFormatter.swift; sourceTree = "<group>"; };
		DE842F3B1FB2301300F9936D /* Base */ = {isa = PBXFileReference; lastKnownFileType = text.plist.strings; name = Base; path = Base.lproj/Localizable.strings; sourceTree = "<group>"; };
		DE842F3E1FB2354B00F9936D /* Ringtone.aif */ = {isa = PBXFileReference; lastKnownFileType = file; path = Ringtone.aif; sourceTree = "<group>"; };
		DE842F401FB236C500F9936D /* CallAudio.swift */ = {isa = PBXFileReference; fileEncoding = 4; lastKnownFileType = sourcecode.swift; name = CallAudio.swift; path = CallKitty/CallAudio.swift; sourceTree = SOURCE_ROOT; };
		DE842F421FB239A100F9936D /* Assets.xcassets */ = {isa = PBXFileReference; lastKnownFileType = folder.assetcatalog; path = Assets.xcassets; sourceTree = "<group>"; };
/* End PBXFileReference section */

/* Begin PBXFrameworksBuildPhase section */
		DE7B96141FB23DD5009D7CD2 /* Frameworks */ = {
			isa = PBXFrameworksBuildPhase;
			buildActionMask = 2147483647;
			files = (
			);
			runOnlyForDeploymentPostprocessing = 0;
		};
		DE7B961D1FB23DD5009D7CD2 /* Frameworks */ = {
			isa = PBXFrameworksBuildPhase;
			buildActionMask = 2147483647;
			files = (
				DE7B96231FB23DD5009D7CD2 /* IntentsUI.framework in Frameworks */,
			);
			runOnlyForDeploymentPostprocessing = 0;
		};
		DE83C9831FB218B20078CD01 /* Frameworks */ = {
			isa = PBXFrameworksBuildPhase;
			buildActionMask = 2147483647;
			files = (
			);
			runOnlyForDeploymentPostprocessing = 0;
		};
		DE83C9971FB218B20078CD01 /* Frameworks */ = {
			isa = PBXFrameworksBuildPhase;
			buildActionMask = 2147483647;
			files = (
			);
			runOnlyForDeploymentPostprocessing = 0;
		};
		DE83C9A21FB218B20078CD01 /* Frameworks */ = {
			isa = PBXFrameworksBuildPhase;
			buildActionMask = 2147483647;
			files = (
			);
			runOnlyForDeploymentPostprocessing = 0;
		};
/* End PBXFrameworksBuildPhase section */

/* Begin PBXGroup section */
		DE7AF8EF1FB21F7300C2D29C /* App */ = {
			isa = PBXGroup;
			children = (
				DE83C9891FB218B20078CD01 /* AppDelegate.swift */,
				DE7AF8F01FB2201A00C2D29C /* ProviderDelegate.swift */,
			);
			name = App;
			sourceTree = "<group>";
		};
		DE7AF8F21FB2204E00C2D29C /* Call Management */ = {
			isa = PBXGroup;
			children = (
				DE7AF8F61FB221F400C2D29C /* SpeakerboxCallManager.swift */,
				DE7AF8F81FB221FF00C2D29C /* SpeakerboxCall.swift */,
			);
			name = "Call Management";
			sourceTree = "<group>";
		};
		DE7AF8F31FB2207A00C2D29C /* UI */ = {
			isa = PBXGroup;
			children = (
				DE83C98D1FB218B20078CD01 /* Main.storyboard */,
				DE83C9921FB218B20078CD01 /* LaunchScreen.storyboard */,
				DE7AF8F41FB220B400C2D29C /* View Controllers */,
				DE842F341FB22EAF00F9936D /* Views */,
				DE842F421FB239A100F9936D /* Assets.xcassets */,
				DE842F3D1FB234F300F9936D /* Sounds */,
			);
			name = UI;
			sourceTree = "<group>";
		};
		DE7AF8F41FB220B400C2D29C /* View Controllers */ = {
			isa = PBXGroup;
			children = (
				DE842F2E1FB22E3500F9936D /* CallsViewController.swift */,
				DE842F301FB22E5B00F9936D /* DialOptionsViewController.swift */,
				DE842F321FB22E7400F9936D /* SimulateIncomingCallViewController.swift */,
			);
			name = "View Controllers";
			sourceTree = "<group>";
		};
		DE7AF8F51FB2210C00C2D29C /* Supporting Files */ = {
			isa = PBXGroup;
			children = (
				DE842F1D1FB227BD00F9936D /* CallKitty-Bridging-Header.h */,
				DE83C9951FB218B20078CD01 /* Info.plist */,
				DE842F3A1FB2301300F9936D /* Localizable.strings */,
			);
			name = "Supporting Files";
			sourceTree = "<group>";
		};
		DE7AF8FA1FB2224C00C2D29C /* Start Call Handling */ = {
			isa = PBXGroup;
			children = (
				DE7AF8FB1FB2228600C2D29C /* StartCallConvertible.swift */,
				DE7AF8FD1FB2229D00C2D29C /* URL+StartCallConvertible.swift */,
				DE7AF8FF1FB222BA00C2D29C /* NSUserActivity+StartCallConvertible.swift */,
			);
			name = "Start Call Handling";
			sourceTree = "<group>";
		};
		DE7AF9041FB2237D00C2D29C /* Audio */ = {
			isa = PBXGroup;
			children = (
				DE842F401FB236C500F9936D /* CallAudio.swift */,
				DE7AF9051FB2243F00C2D29C /* AudioController.h */,
				DE7AF9071FB2246700C2D29C /* AudioController.mm */,
				DE842F231FB22AC000F9936D /* Utility */,
			);
			path = Audio;
			sourceTree = "<group>";
		};
		DE7B96181FB23DD5009D7CD2 /* IntentsExtension */ = {
			isa = PBXGroup;
			children = (
				DE7B96191FB23DD5009D7CD2 /* IntentHandler.swift */,
				DE7B961B1FB23DD5009D7CD2 /* Info.plist */,
			);
			path = IntentsExtension;
			sourceTree = "<group>";
		};
		DE7B96211FB23DD5009D7CD2 /* Frameworks */ = {
			isa = PBXGroup;
			children = (
				DE7B96221FB23DD5009D7CD2 /* IntentsUI.framework */,
			);
			name = Frameworks;
			sourceTree = "<group>";
		};
		DE7B96241FB23DD5009D7CD2 /* IntentsExtensionUI */ = {
			isa = PBXGroup;
			children = (
				DE7B96251FB23DD5009D7CD2 /* IntentViewController.swift */,
				DE7B96271FB23DD5009D7CD2 /* MainInterface.storyboard */,
				DE7B962A1FB23DD5009D7CD2 /* Info.plist */,
			);
			path = IntentsExtensionUI;
			sourceTree = "<group>";
		};
		DE83C97D1FB218B20078CD01 = {
			isa = PBXGroup;
			children = (
				DE7AF8E81FB21BE100C2D29C /* README.md */,
				DE83C9881FB218B20078CD01 /* CallKitty */,
				DE83C99D1FB218B20078CD01 /* CallKittyTests */,
				DE83C9A81FB218B20078CD01 /* CallKittyUITests */,
				DE7B96181FB23DD5009D7CD2 /* IntentsExtension */,
				DE7B96241FB23DD5009D7CD2 /* IntentsExtensionUI */,
				DE7B96211FB23DD5009D7CD2 /* Frameworks */,
				DE83C9871FB218B20078CD01 /* Products */,
			);
			sourceTree = "<group>";
		};
		DE83C9871FB218B20078CD01 /* Products */ = {
			isa = PBXGroup;
			children = (
				DE83C9861FB218B20078CD01 /* CallKitty.app */,
				DE83C99A1FB218B20078CD01 /* CallKittyTests.xctest */,
				DE83C9A51FB218B20078CD01 /* CallKittyUITests.xctest */,
				DE7B96171FB23DD5009D7CD2 /* IntentsExtension.appex */,
				DE7B96201FB23DD5009D7CD2 /* IntentsExtensionUI.appex */,
			);
			name = Products;
			sourceTree = "<group>";
		};
		DE83C9881FB218B20078CD01 /* CallKitty */ = {
			isa = PBXGroup;
			children = (
				DE7AF8EF1FB21F7300C2D29C /* App */,
				DE7AF8F31FB2207A00C2D29C /* UI */,
				DE7AF8F21FB2204E00C2D29C /* Call Management */,
				DE7AF8FA1FB2224C00C2D29C /* Start Call Handling */,
				DE7AF9041FB2237D00C2D29C /* Audio */,
				DE842F371FB22F1600F9936D /* Data Formatters */,
				DE842F1E1FB228B500F9936D /* Extensions */,
				DE7AF8F51FB2210C00C2D29C /* Supporting Files */,
			);
			path = CallKitty;
			sourceTree = "<group>";
		};
		DE83C99D1FB218B20078CD01 /* CallKittyTests */ = {
			isa = PBXGroup;
			children = (
				DE83C99E1FB218B20078CD01 /* CallKittyTests.swift */,
				DE83C9A01FB218B20078CD01 /* Info.plist */,
			);
			path = CallKittyTests;
			sourceTree = "<group>";
		};
		DE83C9A81FB218B20078CD01 /* CallKittyUITests */ = {
			isa = PBXGroup;
			children = (
				DE83C9A91FB218B20078CD01 /* CallKittyUITests.swift */,
				DE83C9AB1FB218B20078CD01 /* Info.plist */,
			);
			path = CallKittyUITests;
			sourceTree = "<group>";
		};
		DE842F1E1FB228B500F9936D /* Extensions */ = {
			isa = PBXGroup;
			children = (
				DE842F1F1FB2290000F9936D /* Array+Speakerbox.swift */,
				DE842F211FB2292200F9936D /* UIFont+Speakerbox.swift */,
			);
			name = Extensions;
			sourceTree = "<group>";
		};
		DE842F231FB22AC000F9936D /* Utility */ = {
			isa = PBXGroup;
			children = (
				DE842F251FB22B1C00F9936D /* CADebugMacros.h */,
				DE842F241FB22B1C00F9936D /* CADebugMacros.cpp */,
				DE842F2B1FB22B4800F9936D /* CAMath.h */,
				DE842F291FB22B4800F9936D /* CAStreamBasicDescription.h */,
				DE842F281FB22B4800F9936D /* CAStreamBasicDescription.cpp */,
				DE842F271FB22B4800F9936D /* CAXException.h */,
				DE842F2A1FB22B4800F9936D /* CAXException.cpp */,
			);
			name = Utility;
			sourceTree = "<group>";
		};
		DE842F341FB22EAF00F9936D /* Views */ = {
			isa = PBXGroup;
			children = (
				DE842F351FB22EE600F9936D /* CallSummaryTableViewCell.swift */,
			);
			name = Views;
			sourceTree = "<group>";
		};
		DE842F371FB22F1600F9936D /* Data Formatters */ = {
			isa = PBXGroup;
			children = (
				DE842F381FB22F4400F9936D /* CallDurationFormatter.swift */,
			);
			name = "Data Formatters";
			sourceTree = "<group>";
		};
		DE842F3D1FB234F300F9936D /* Sounds */ = {
			isa = PBXGroup;
			children = (
				DE842F3E1FB2354B00F9936D /* Ringtone.aif */,
			);
			name = Sounds;
			sourceTree = "<group>";
		};
/* End PBXGroup section */

/* Begin PBXNativeTarget section */
		DE7B96161FB23DD5009D7CD2 /* IntentsExtension */ = {
			isa = PBXNativeTarget;
			buildConfigurationList = DE7B96351FB23DD5009D7CD2 /* Build configuration list for PBXNativeTarget "IntentsExtension" */;
			buildPhases = (
				DE7B96131FB23DD5009D7CD2 /* Sources */,
				DE7B96141FB23DD5009D7CD2 /* Frameworks */,
				DE7B96151FB23DD5009D7CD2 /* Resources */,
			);
			buildRules = (
			);
			dependencies = (
			);
			name = IntentsExtension;
			productName = IntentsExtension;
			productReference = DE7B96171FB23DD5009D7CD2 /* IntentsExtension.appex */;
			productType = "com.apple.product-type.app-extension";
		};
		DE7B961F1FB23DD5009D7CD2 /* IntentsExtensionUI */ = {
			isa = PBXNativeTarget;
			buildConfigurationList = DE7B96321FB23DD5009D7CD2 /* Build configuration list for PBXNativeTarget "IntentsExtensionUI" */;
			buildPhases = (
				DE7B961C1FB23DD5009D7CD2 /* Sources */,
				DE7B961D1FB23DD5009D7CD2 /* Frameworks */,
				DE7B961E1FB23DD5009D7CD2 /* Resources */,
			);
			buildRules = (
			);
			dependencies = (
			);
			name = IntentsExtensionUI;
			productName = IntentsExtensionUI;
			productReference = DE7B96201FB23DD5009D7CD2 /* IntentsExtensionUI.appex */;
			productType = "com.apple.product-type.app-extension";
		};
		DE83C9851FB218B20078CD01 /* CallKitty */ = {
			isa = PBXNativeTarget;
			buildConfigurationList = DE83C9AE1FB218B20078CD01 /* Build configuration list for PBXNativeTarget "CallKitty" */;
			buildPhases = (
				DE83C9821FB218B20078CD01 /* Sources */,
				DE83C9831FB218B20078CD01 /* Frameworks */,
				DE83C9841FB218B20078CD01 /* Resources */,
				DE7B962D1FB23DD5009D7CD2 /* Embed App Extensions */,
			);
			buildRules = (
			);
			dependencies = (
				DE7B962C1FB23DD5009D7CD2 /* PBXTargetDependency */,
				DE7B96301FB23DD5009D7CD2 /* PBXTargetDependency */,
			);
			name = CallKitty;
			productName = CallKitty;
			productReference = DE83C9861FB218B20078CD01 /* CallKitty.app */;
			productType = "com.apple.product-type.application";
		};
		DE83C9991FB218B20078CD01 /* CallKittyTests */ = {
			isa = PBXNativeTarget;
			buildConfigurationList = DE83C9B11FB218B20078CD01 /* Build configuration list for PBXNativeTarget "CallKittyTests" */;
			buildPhases = (
				DE83C9961FB218B20078CD01 /* Sources */,
				DE83C9971FB218B20078CD01 /* Frameworks */,
				DE83C9981FB218B20078CD01 /* Resources */,
			);
			buildRules = (
			);
			dependencies = (
				DE83C99C1FB218B20078CD01 /* PBXTargetDependency */,
			);
			name = CallKittyTests;
			productName = CallKittyTests;
			productReference = DE83C99A1FB218B20078CD01 /* CallKittyTests.xctest */;
			productType = "com.apple.product-type.bundle.unit-test";
		};
		DE83C9A41FB218B20078CD01 /* CallKittyUITests */ = {
			isa = PBXNativeTarget;
			buildConfigurationList = DE83C9B41FB218B20078CD01 /* Build configuration list for PBXNativeTarget "CallKittyUITests" */;
			buildPhases = (
				DE83C9A11FB218B20078CD01 /* Sources */,
				DE83C9A21FB218B20078CD01 /* Frameworks */,
				DE83C9A31FB218B20078CD01 /* Resources */,
			);
			buildRules = (
			);
			dependencies = (
				DE83C9A71FB218B20078CD01 /* PBXTargetDependency */,
			);
			name = CallKittyUITests;
			productName = CallKittyUITests;
			productReference = DE83C9A51FB218B20078CD01 /* CallKittyUITests.xctest */;
			productType = "com.apple.product-type.bundle.ui-testing";
		};
/* End PBXNativeTarget section */

/* Begin PBXProject section */
		DE83C97E1FB218B20078CD01 /* Project object */ = {
			isa = PBXProject;
			attributes = {
				LastSwiftUpdateCheck = 0910;
				LastUpgradeCheck = 0910;
				ORGANIZATIONNAME = "Beepscore LLC";
				TargetAttributes = {
					DE7B96161FB23DD5009D7CD2 = {
						CreatedOnToolsVersion = 9.1;
						ProvisioningStyle = Automatic;
					};
					DE7B961F1FB23DD5009D7CD2 = {
						CreatedOnToolsVersion = 9.1;
						ProvisioningStyle = Automatic;
					};
					DE83C9851FB218B20078CD01 = {
						CreatedOnToolsVersion = 9.1;
						LastSwiftMigration = 0910;
						ProvisioningStyle = Automatic;
					};
					DE83C9991FB218B20078CD01 = {
						CreatedOnToolsVersion = 9.1;
						ProvisioningStyle = Automatic;
						TestTargetID = DE83C9851FB218B20078CD01;
					};
					DE83C9A41FB218B20078CD01 = {
						CreatedOnToolsVersion = 9.1;
						ProvisioningStyle = Automatic;
						TestTargetID = DE83C9851FB218B20078CD01;
					};
				};
			};
			buildConfigurationList = DE83C9811FB218B20078CD01 /* Build configuration list for PBXProject "CallKitty" */;
			compatibilityVersion = "Xcode 8.0";
			developmentRegion = en;
			hasScannedForEncodings = 0;
			knownRegions = (
				en,
				Base,
			);
			mainGroup = DE83C97D1FB218B20078CD01;
			productRefGroup = DE83C9871FB218B20078CD01 /* Products */;
			projectDirPath = "";
			projectRoot = "";
			targets = (
				DE83C9851FB218B20078CD01 /* CallKitty */,
				DE83C9991FB218B20078CD01 /* CallKittyTests */,
				DE83C9A41FB218B20078CD01 /* CallKittyUITests */,
				DE7B96161FB23DD5009D7CD2 /* IntentsExtension */,
				DE7B961F1FB23DD5009D7CD2 /* IntentsExtensionUI */,
			);
		};
/* End PBXProject section */

/* Begin PBXResourcesBuildPhase section */
		DE7B96151FB23DD5009D7CD2 /* Resources */ = {
			isa = PBXResourcesBuildPhase;
			buildActionMask = 2147483647;
			files = (
			);
			runOnlyForDeploymentPostprocessing = 0;
		};
		DE7B961E1FB23DD5009D7CD2 /* Resources */ = {
			isa = PBXResourcesBuildPhase;
			buildActionMask = 2147483647;
			files = (
				DE7B96291FB23DD5009D7CD2 /* MainInterface.storyboard in Resources */,
			);
			runOnlyForDeploymentPostprocessing = 0;
		};
		DE83C9841FB218B20078CD01 /* Resources */ = {
			isa = PBXResourcesBuildPhase;
			buildActionMask = 2147483647;
			files = (
				DE83C9941FB218B20078CD01 /* LaunchScreen.storyboard in Resources */,
				DE842F3F1FB2355900F9936D /* Ringtone.aif in Resources */,
				DE842F3C1FB2301300F9936D /* Localizable.strings in Resources */,
				DE83C98F1FB218B20078CD01 /* Main.storyboard in Resources */,
				DE842F431FB239A100F9936D /* Assets.xcassets in Resources */,
			);
			runOnlyForDeploymentPostprocessing = 0;
		};
		DE83C9981FB218B20078CD01 /* Resources */ = {
			isa = PBXResourcesBuildPhase;
			buildActionMask = 2147483647;
			files = (
			);
			runOnlyForDeploymentPostprocessing = 0;
		};
		DE83C9A31FB218B20078CD01 /* Resources */ = {
			isa = PBXResourcesBuildPhase;
			buildActionMask = 2147483647;
			files = (
			);
			runOnlyForDeploymentPostprocessing = 0;
		};
/* End PBXResourcesBuildPhase section */

/* Begin PBXSourcesBuildPhase section */
		DE7B96131FB23DD5009D7CD2 /* Sources */ = {
			isa = PBXSourcesBuildPhase;
			buildActionMask = 2147483647;
			files = (
				DE7B961A1FB23DD5009D7CD2 /* IntentHandler.swift in Sources */,
			);
			runOnlyForDeploymentPostprocessing = 0;
		};
		DE7B961C1FB23DD5009D7CD2 /* Sources */ = {
			isa = PBXSourcesBuildPhase;
			buildActionMask = 2147483647;
			files = (
				DE7B96261FB23DD5009D7CD2 /* IntentViewController.swift in Sources */,
			);
			runOnlyForDeploymentPostprocessing = 0;
		};
		DE83C9821FB218B20078CD01 /* Sources */ = {
			isa = PBXSourcesBuildPhase;
			buildActionMask = 2147483647;
			files = (
				DE842F221FB2292300F9936D /* UIFont+Speakerbox.swift in Sources */,
				DE7AF8FE1FB2229D00C2D29C /* URL+StartCallConvertible.swift in Sources */,
				DE83C98A1FB218B20078CD01 /* AppDelegate.swift in Sources */,
				DE842F391FB22F4400F9936D /* CallDurationFormatter.swift in Sources */,
				DE842F311FB22E5B00F9936D /* DialOptionsViewController.swift in Sources */,
				DE7AF9081FB2246700C2D29C /* AudioController.mm in Sources */,
				DE842F2F1FB22E3500F9936D /* CallsViewController.swift in Sources */,
				DE842F361FB22EE600F9936D /* CallSummaryTableViewCell.swift in Sources */,
				DE842F261FB22B1C00F9936D /* CADebugMacros.cpp in Sources */,
				DE7AF8F71FB221F400C2D29C /* SpeakerboxCallManager.swift in Sources */,
				DE842F201FB2290000F9936D /* Array+Speakerbox.swift in Sources */,
				DE842F411FB236C500F9936D /* CallAudio.swift in Sources */,
				DE7AF8FC1FB2228600C2D29C /* StartCallConvertible.swift in Sources */,
				DE7AF9001FB222BA00C2D29C /* NSUserActivity+StartCallConvertible.swift in Sources */,
				DE7AF8F91FB221FF00C2D29C /* SpeakerboxCall.swift in Sources */,
				DE842F331FB22E7400F9936D /* SimulateIncomingCallViewController.swift in Sources */,
				DE842F2D1FB22B4800F9936D /* CAXException.cpp in Sources */,
				DE842F2C1FB22B4800F9936D /* CAStreamBasicDescription.cpp in Sources */,
				DE7AF8F11FB2201A00C2D29C /* ProviderDelegate.swift in Sources */,
			);
			runOnlyForDeploymentPostprocessing = 0;
		};
		DE83C9961FB218B20078CD01 /* Sources */ = {
			isa = PBXSourcesBuildPhase;
			buildActionMask = 2147483647;
			files = (
				DE83C99F1FB218B20078CD01 /* CallKittyTests.swift in Sources */,
			);
			runOnlyForDeploymentPostprocessing = 0;
		};
		DE83C9A11FB218B20078CD01 /* Sources */ = {
			isa = PBXSourcesBuildPhase;
			buildActionMask = 2147483647;
			files = (
				DE83C9AA1FB218B20078CD01 /* CallKittyUITests.swift in Sources */,
			);
			runOnlyForDeploymentPostprocessing = 0;
		};
/* End PBXSourcesBuildPhase section */

/* Begin PBXTargetDependency section */
		DE7B962C1FB23DD5009D7CD2 /* PBXTargetDependency */ = {
			isa = PBXTargetDependency;
			target = DE7B961F1FB23DD5009D7CD2 /* IntentsExtensionUI */;
			targetProxy = DE7B962B1FB23DD5009D7CD2 /* PBXContainerItemProxy */;
		};
		DE7B96301FB23DD5009D7CD2 /* PBXTargetDependency */ = {
			isa = PBXTargetDependency;
			target = DE7B96161FB23DD5009D7CD2 /* IntentsExtension */;
			targetProxy = DE7B962F1FB23DD5009D7CD2 /* PBXContainerItemProxy */;
		};
		DE83C99C1FB218B20078CD01 /* PBXTargetDependency */ = {
			isa = PBXTargetDependency;
			target = DE83C9851FB218B20078CD01 /* CallKitty */;
			targetProxy = DE83C99B1FB218B20078CD01 /* PBXContainerItemProxy */;
		};
		DE83C9A71FB218B20078CD01 /* PBXTargetDependency */ = {
			isa = PBXTargetDependency;
			target = DE83C9851FB218B20078CD01 /* CallKitty */;
			targetProxy = DE83C9A61FB218B20078CD01 /* PBXContainerItemProxy */;
		};
/* End PBXTargetDependency section */

/* Begin PBXVariantGroup section */
		DE7B96271FB23DD5009D7CD2 /* MainInterface.storyboard */ = {
			isa = PBXVariantGroup;
			children = (
				DE7B96281FB23DD5009D7CD2 /* Base */,
			);
			name = MainInterface.storyboard;
			sourceTree = "<group>";
		};
		DE83C98D1FB218B20078CD01 /* Main.storyboard */ = {
			isa = PBXVariantGroup;
			children = (
				DE83C98E1FB218B20078CD01 /* Base */,
			);
			name = Main.storyboard;
			sourceTree = "<group>";
		};
		DE83C9921FB218B20078CD01 /* LaunchScreen.storyboard */ = {
			isa = PBXVariantGroup;
			children = (
				DE83C9931FB218B20078CD01 /* Base */,
			);
			name = LaunchScreen.storyboard;
			sourceTree = "<group>";
		};
		DE842F3A1FB2301300F9936D /* Localizable.strings */ = {
			isa = PBXVariantGroup;
			children = (
				DE842F3B1FB2301300F9936D /* Base */,
			);
			name = Localizable.strings;
			sourceTree = "<group>";
		};
/* End PBXVariantGroup section */

/* Begin XCBuildConfiguration section */
		DE7B96331FB23DD5009D7CD2 /* Debug */ = {
			isa = XCBuildConfiguration;
			buildSettings = {
				CODE_SIGN_STYLE = Automatic;
				DEVELOPMENT_TEAM = J2LXK9FK3W;
				INFOPLIST_FILE = IntentsExtensionUI/Info.plist;
				LD_RUNPATH_SEARCH_PATHS = "$(inherited) @executable_path/Frameworks @executable_path/../../Frameworks";
				PRODUCT_BUNDLE_IDENTIFIER = com.beepscore.CallKitty.IntentsExtensionUI;
				PRODUCT_NAME = "$(TARGET_NAME)";
				SKIP_INSTALL = YES;
				SWIFT_VERSION = 4.0;
				TARGETED_DEVICE_FAMILY = "1,2";
			};
			name = Debug;
		};
		DE7B96341FB23DD5009D7CD2 /* Release */ = {
			isa = XCBuildConfiguration;
			buildSettings = {
				CODE_SIGN_STYLE = Automatic;
				DEVELOPMENT_TEAM = J2LXK9FK3W;
				INFOPLIST_FILE = IntentsExtensionUI/Info.plist;
				LD_RUNPATH_SEARCH_PATHS = "$(inherited) @executable_path/Frameworks @executable_path/../../Frameworks";
				PRODUCT_BUNDLE_IDENTIFIER = com.beepscore.CallKitty.IntentsExtensionUI;
				PRODUCT_NAME = "$(TARGET_NAME)";
				SKIP_INSTALL = YES;
				SWIFT_VERSION = 4.0;
				TARGETED_DEVICE_FAMILY = "1,2";
			};
			name = Release;
		};
		DE7B96361FB23DD5009D7CD2 /* Debug */ = {
			isa = XCBuildConfiguration;
			buildSettings = {
				CODE_SIGN_STYLE = Automatic;
				DEVELOPMENT_TEAM = J2LXK9FK3W;
				INFOPLIST_FILE = IntentsExtension/Info.plist;
				LD_RUNPATH_SEARCH_PATHS = "$(inherited) @executable_path/Frameworks @executable_path/../../Frameworks";
				PRODUCT_BUNDLE_IDENTIFIER = com.beepscore.CallKitty.IntentsExtension;
				PRODUCT_NAME = "$(TARGET_NAME)";
				SKIP_INSTALL = YES;
				SWIFT_VERSION = 4.0;
				TARGETED_DEVICE_FAMILY = "1,2";
			};
			name = Debug;
		};
		DE7B96371FB23DD5009D7CD2 /* Release */ = {
			isa = XCBuildConfiguration;
			buildSettings = {
				CODE_SIGN_STYLE = Automatic;
				DEVELOPMENT_TEAM = J2LXK9FK3W;
				INFOPLIST_FILE = IntentsExtension/Info.plist;
				LD_RUNPATH_SEARCH_PATHS = "$(inherited) @executable_path/Frameworks @executable_path/../../Frameworks";
				PRODUCT_BUNDLE_IDENTIFIER = com.beepscore.CallKitty.IntentsExtension;
				PRODUCT_NAME = "$(TARGET_NAME)";
				SKIP_INSTALL = YES;
				SWIFT_VERSION = 4.0;
				TARGETED_DEVICE_FAMILY = "1,2";
			};
			name = Release;
		};
		DE83C9AC1FB218B20078CD01 /* Debug */ = {
			isa = XCBuildConfiguration;
			buildSettings = {
				ALWAYS_SEARCH_USER_PATHS = NO;
				CLANG_ANALYZER_NONNULL = YES;
				CLANG_ANALYZER_NUMBER_OBJECT_CONVERSION = YES_AGGRESSIVE;
				CLANG_CXX_LANGUAGE_STANDARD = "gnu++14";
				CLANG_CXX_LIBRARY = "libc++";
				CLANG_ENABLE_MODULES = YES;
				CLANG_ENABLE_OBJC_ARC = YES;
				CLANG_WARN_BLOCK_CAPTURE_AUTORELEASING = YES;
				CLANG_WARN_BOOL_CONVERSION = YES;
				CLANG_WARN_COMMA = YES;
				CLANG_WARN_CONSTANT_CONVERSION = YES;
				CLANG_WARN_DIRECT_OBJC_ISA_USAGE = YES_ERROR;
				CLANG_WARN_DOCUMENTATION_COMMENTS = YES;
				CLANG_WARN_EMPTY_BODY = YES;
				CLANG_WARN_ENUM_CONVERSION = YES;
				CLANG_WARN_INFINITE_RECURSION = YES;
				CLANG_WARN_INT_CONVERSION = YES;
				CLANG_WARN_NON_LITERAL_NULL_CONVERSION = YES;
				CLANG_WARN_OBJC_LITERAL_CONVERSION = YES;
				CLANG_WARN_OBJC_ROOT_CLASS = YES_ERROR;
				CLANG_WARN_RANGE_LOOP_ANALYSIS = YES;
				CLANG_WARN_STRICT_PROTOTYPES = YES;
				CLANG_WARN_SUSPICIOUS_MOVE = YES;
				CLANG_WARN_UNGUARDED_AVAILABILITY = YES_AGGRESSIVE;
				CLANG_WARN_UNREACHABLE_CODE = YES;
				CLANG_WARN__DUPLICATE_METHOD_MATCH = YES;
				CODE_SIGN_IDENTITY = "iPhone Developer";
				COPY_PHASE_STRIP = NO;
				DEBUG_INFORMATION_FORMAT = dwarf;
				ENABLE_STRICT_OBJC_MSGSEND = YES;
				ENABLE_TESTABILITY = YES;
				GCC_C_LANGUAGE_STANDARD = gnu11;
				GCC_DYNAMIC_NO_PIC = NO;
				GCC_NO_COMMON_BLOCKS = YES;
				GCC_OPTIMIZATION_LEVEL = 0;
				GCC_PREPROCESSOR_DEFINITIONS = (
					"DEBUG=1",
					"$(inherited)",
				);
				GCC_WARN_64_TO_32_BIT_CONVERSION = YES;
				GCC_WARN_ABOUT_RETURN_TYPE = YES_ERROR;
				GCC_WARN_UNDECLARED_SELECTOR = YES;
				GCC_WARN_UNINITIALIZED_AUTOS = YES_AGGRESSIVE;
				GCC_WARN_UNUSED_FUNCTION = YES;
				GCC_WARN_UNUSED_VARIABLE = YES;
				IPHONEOS_DEPLOYMENT_TARGET = 11.1;
				MTL_ENABLE_DEBUG_INFO = YES;
				ONLY_ACTIVE_ARCH = YES;
				SDKROOT = iphoneos;
				SWIFT_ACTIVE_COMPILATION_CONDITIONS = DEBUG;
				SWIFT_OPTIMIZATION_LEVEL = "-Onone";
			};
			name = Debug;
		};
		DE83C9AD1FB218B20078CD01 /* Release */ = {
			isa = XCBuildConfiguration;
			buildSettings = {
				ALWAYS_SEARCH_USER_PATHS = NO;
				CLANG_ANALYZER_NONNULL = YES;
				CLANG_ANALYZER_NUMBER_OBJECT_CONVERSION = YES_AGGRESSIVE;
				CLANG_CXX_LANGUAGE_STANDARD = "gnu++14";
				CLANG_CXX_LIBRARY = "libc++";
				CLANG_ENABLE_MODULES = YES;
				CLANG_ENABLE_OBJC_ARC = YES;
				CLANG_WARN_BLOCK_CAPTURE_AUTORELEASING = YES;
				CLANG_WARN_BOOL_CONVERSION = YES;
				CLANG_WARN_COMMA = YES;
				CLANG_WARN_CONSTANT_CONVERSION = YES;
				CLANG_WARN_DIRECT_OBJC_ISA_USAGE = YES_ERROR;
				CLANG_WARN_DOCUMENTATION_COMMENTS = YES;
				CLANG_WARN_EMPTY_BODY = YES;
				CLANG_WARN_ENUM_CONVERSION = YES;
				CLANG_WARN_INFINITE_RECURSION = YES;
				CLANG_WARN_INT_CONVERSION = YES;
				CLANG_WARN_NON_LITERAL_NULL_CONVERSION = YES;
				CLANG_WARN_OBJC_LITERAL_CONVERSION = YES;
				CLANG_WARN_OBJC_ROOT_CLASS = YES_ERROR;
				CLANG_WARN_RANGE_LOOP_ANALYSIS = YES;
				CLANG_WARN_STRICT_PROTOTYPES = YES;
				CLANG_WARN_SUSPICIOUS_MOVE = YES;
				CLANG_WARN_UNGUARDED_AVAILABILITY = YES_AGGRESSIVE;
				CLANG_WARN_UNREACHABLE_CODE = YES;
				CLANG_WARN__DUPLICATE_METHOD_MATCH = YES;
				CODE_SIGN_IDENTITY = "iPhone Developer";
				COPY_PHASE_STRIP = NO;
				DEBUG_INFORMATION_FORMAT = "dwarf-with-dsym";
				ENABLE_NS_ASSERTIONS = NO;
				ENABLE_STRICT_OBJC_MSGSEND = YES;
				GCC_C_LANGUAGE_STANDARD = gnu11;
				GCC_NO_COMMON_BLOCKS = YES;
				GCC_WARN_64_TO_32_BIT_CONVERSION = YES;
				GCC_WARN_ABOUT_RETURN_TYPE = YES_ERROR;
				GCC_WARN_UNDECLARED_SELECTOR = YES;
				GCC_WARN_UNINITIALIZED_AUTOS = YES_AGGRESSIVE;
				GCC_WARN_UNUSED_FUNCTION = YES;
				GCC_WARN_UNUSED_VARIABLE = YES;
				IPHONEOS_DEPLOYMENT_TARGET = 11.1;
				MTL_ENABLE_DEBUG_INFO = NO;
				SDKROOT = iphoneos;
				SWIFT_OPTIMIZATION_LEVEL = "-Owholemodule";
				VALIDATE_PRODUCT = YES;
			};
			name = Release;
		};
		DE83C9AF1FB218B20078CD01 /* Debug */ = {
			isa = XCBuildConfiguration;
			buildSettings = {
				ALWAYS_EMBED_SWIFT_STANDARD_LIBRARIES = YES;
				ASSETCATALOG_COMPILER_APPICON_NAME = AppIcon;
				CLANG_ENABLE_MODULES = YES;
				CODE_SIGN_STYLE = Automatic;
				DEVELOPMENT_TEAM = J2LXK9FK3W;
				INFOPLIST_FILE = CallKitty/Info.plist;
				IPHONEOS_DEPLOYMENT_TARGET = 10.0;
				LD_RUNPATH_SEARCH_PATHS = "$(inherited) @executable_path/Frameworks";
				PRODUCT_BUNDLE_IDENTIFIER = com.beepscore.CallKitty;
				PRODUCT_NAME = "$(TARGET_NAME)";
				SWIFT_OBJC_BRIDGING_HEADER = "CallKitty/CallKitty-Bridging-Header.h";
				SWIFT_OPTIMIZATION_LEVEL = "-Onone";
				SWIFT_VERSION = 4.0;
				TARGETED_DEVICE_FAMILY = "1,2";
			};
			name = Debug;
		};
		DE83C9B01FB218B20078CD01 /* Release */ = {
			isa = XCBuildConfiguration;
			buildSettings = {
				ALWAYS_EMBED_SWIFT_STANDARD_LIBRARIES = YES;
				ASSETCATALOG_COMPILER_APPICON_NAME = AppIcon;
				CLANG_ENABLE_MODULES = YES;
				CODE_SIGN_STYLE = Automatic;
				DEVELOPMENT_TEAM = J2LXK9FK3W;
				INFOPLIST_FILE = CallKitty/Info.plist;
				IPHONEOS_DEPLOYMENT_TARGET = 10.0;
				LD_RUNPATH_SEARCH_PATHS = "$(inherited) @executable_path/Frameworks";
				PRODUCT_BUNDLE_IDENTIFIER = com.beepscore.CallKitty;
				PRODUCT_NAME = "$(TARGET_NAME)";
				SWIFT_OBJC_BRIDGING_HEADER = "CallKitty/CallKitty-Bridging-Header.h";
				SWIFT_VERSION = 4.0;
				TARGETED_DEVICE_FAMILY = "1,2";
			};
			name = Release;
		};
		DE83C9B21FB218B20078CD01 /* Debug */ = {
			isa = XCBuildConfiguration;
			buildSettings = {
				ALWAYS_EMBED_SWIFT_STANDARD_LIBRARIES = YES;
				BUNDLE_LOADER = "$(TEST_HOST)";
				CODE_SIGN_STYLE = Automatic;
				DEVELOPMENT_TEAM = J2LXK9FK3W;
				INFOPLIST_FILE = CallKittyTests/Info.plist;
				LD_RUNPATH_SEARCH_PATHS = "$(inherited) @executable_path/Frameworks @loader_path/Frameworks";
				PRODUCT_BUNDLE_IDENTIFIER = com.beepscore.CallKittyTests;
				PRODUCT_NAME = "$(TARGET_NAME)";
				SWIFT_VERSION = 4.0;
				TARGETED_DEVICE_FAMILY = "1,2";
				TEST_HOST = "$(BUILT_PRODUCTS_DIR)/CallKitty.app/CallKitty";
			};
			name = Debug;
		};
		DE83C9B31FB218B20078CD01 /* Release */ = {
			isa = XCBuildConfiguration;
			buildSettings = {
				ALWAYS_EMBED_SWIFT_STANDARD_LIBRARIES = YES;
				BUNDLE_LOADER = "$(TEST_HOST)";
				CODE_SIGN_STYLE = Automatic;
				DEVELOPMENT_TEAM = J2LXK9FK3W;
				INFOPLIST_FILE = CallKittyTests/Info.plist;
				LD_RUNPATH_SEARCH_PATHS = "$(inherited) @executable_path/Frameworks @loader_path/Frameworks";
				PRODUCT_BUNDLE_IDENTIFIER = com.beepscore.CallKittyTests;
				PRODUCT_NAME = "$(TARGET_NAME)";
				SWIFT_VERSION = 4.0;
				TARGETED_DEVICE_FAMILY = "1,2";
				TEST_HOST = "$(BUILT_PRODUCTS_DIR)/CallKitty.app/CallKitty";
			};
			name = Release;
		};
		DE83C9B51FB218B20078CD01 /* Debug */ = {
			isa = XCBuildConfiguration;
			buildSettings = {
				ALWAYS_EMBED_SWIFT_STANDARD_LIBRARIES = YES;
				CODE_SIGN_STYLE = Automatic;
				DEVELOPMENT_TEAM = J2LXK9FK3W;
				INFOPLIST_FILE = CallKittyUITests/Info.plist;
				LD_RUNPATH_SEARCH_PATHS = "$(inherited) @executable_path/Frameworks @loader_path/Frameworks";
				PRODUCT_BUNDLE_IDENTIFIER = com.beepscore.CallKittyUITests;
				PRODUCT_NAME = "$(TARGET_NAME)";
				SWIFT_VERSION = 4.0;
				TARGETED_DEVICE_FAMILY = "1,2";
				TEST_TARGET_NAME = CallKitty;
			};
			name = Debug;
		};
		DE83C9B61FB218B20078CD01 /* Release */ = {
			isa = XCBuildConfiguration;
			buildSettings = {
				ALWAYS_EMBED_SWIFT_STANDARD_LIBRARIES = YES;
				CODE_SIGN_STYLE = Automatic;
				DEVELOPMENT_TEAM = J2LXK9FK3W;
				INFOPLIST_FILE = CallKittyUITests/Info.plist;
				LD_RUNPATH_SEARCH_PATHS = "$(inherited) @executable_path/Frameworks @loader_path/Frameworks";
				PRODUCT_BUNDLE_IDENTIFIER = com.beepscore.CallKittyUITests;
				PRODUCT_NAME = "$(TARGET_NAME)";
				SWIFT_VERSION = 4.0;
				TARGETED_DEVICE_FAMILY = "1,2";
				TEST_TARGET_NAME = CallKitty;
			};
			name = Release;
		};
/* End XCBuildConfiguration section */

/* Begin XCConfigurationList section */
		DE7B96321FB23DD5009D7CD2 /* Build configuration list for PBXNativeTarget "IntentsExtensionUI" */ = {
			isa = XCConfigurationList;
			buildConfigurations = (
				DE7B96331FB23DD5009D7CD2 /* Debug */,
				DE7B96341FB23DD5009D7CD2 /* Release */,
			);
			defaultConfigurationIsVisible = 0;
			defaultConfigurationName = Release;
		};
		DE7B96351FB23DD5009D7CD2 /* Build configuration list for PBXNativeTarget "IntentsExtension" */ = {
			isa = XCConfigurationList;
			buildConfigurations = (
				DE7B96361FB23DD5009D7CD2 /* Debug */,
				DE7B96371FB23DD5009D7CD2 /* Release */,
			);
			defaultConfigurationIsVisible = 0;
			defaultConfigurationName = Release;
		};
		DE83C9811FB218B20078CD01 /* Build configuration list for PBXProject "CallKitty" */ = {
			isa = XCConfigurationList;
			buildConfigurations = (
				DE83C9AC1FB218B20078CD01 /* Debug */,
				DE83C9AD1FB218B20078CD01 /* Release */,
			);
			defaultConfigurationIsVisible = 0;
			defaultConfigurationName = Release;
		};
		DE83C9AE1FB218B20078CD01 /* Build configuration list for PBXNativeTarget "CallKitty" */ = {
			isa = XCConfigurationList;
			buildConfigurations = (
				DE83C9AF1FB218B20078CD01 /* Debug */,
				DE83C9B01FB218B20078CD01 /* Release */,
			);
			defaultConfigurationIsVisible = 0;
			defaultConfigurationName = Release;
		};
		DE83C9B11FB218B20078CD01 /* Build configuration list for PBXNativeTarget "CallKittyTests" */ = {
			isa = XCConfigurationList;
			buildConfigurations = (
				DE83C9B21FB218B20078CD01 /* Debug */,
				DE83C9B31FB218B20078CD01 /* Release */,
			);
			defaultConfigurationIsVisible = 0;
			defaultConfigurationName = Release;
		};
		DE83C9B41FB218B20078CD01 /* Build configuration list for PBXNativeTarget "CallKittyUITests" */ = {
			isa = XCConfigurationList;
			buildConfigurations = (
				DE83C9B51FB218B20078CD01 /* Debug */,
				DE83C9B61FB218B20078CD01 /* Release */,
			);
			defaultConfigurationIsVisible = 0;
			defaultConfigurationName = Release;
		};
/* End XCConfigurationList section */
	};
	rootObject = DE83C97E1FB218B20078CD01 /* Project object */;
}
