// !$*UTF8*$!
{
	archiveVersion = 1;
	classes = {
	};
	objectVersion = 48;
	objects = {

/* Begin PBXBuildFile section */
		DE061B541FB7F2340033B914 /* RealmService.swift in Sources */ = {isa = PBXBuildFile; fileRef = DEA92F5D1FB50C4300A0178C /* RealmService.swift */; };
		DE0B510E1FB58008005A2465 /* Calls.storyboard in Resources */ = {isa = PBXBuildFile; fileRef = DE0B510D1FB58008005A2465 /* Calls.storyboard */; };
		DE1CA99F1FB547D700B711EE /* Summary.storyboard in Resources */ = {isa = PBXBuildFile; fileRef = DE1CA99E1FB547D700B711EE /* Summary.storyboard */; };
		DE1CA9A11FB5483F00B711EE /* SummaryViewController.swift in Sources */ = {isa = PBXBuildFile; fileRef = DE1CA9A01FB5483F00B711EE /* SummaryViewController.swift */; };
		DE22F7221FB3F66D0054E29D /* Realm.framework in Frameworks */ = {isa = PBXBuildFile; fileRef = DE22F7211FB3F66D0054E29D /* Realm.framework */; };
		DE22F7241FB3F6760054E29D /* RealmSwift.framework in Frameworks */ = {isa = PBXBuildFile; fileRef = DE22F7231FB3F6760054E29D /* RealmSwift.framework */; };
		DE2F4E0D1FB787BA00CAA2D3 /* AddBlocksVCTests.swift in Sources */ = {isa = PBXBuildFile; fileRef = DE2F4E0C1FB787BA00CAA2D3 /* AddBlocksVCTests.swift */; };
		DE33734E1FB2531400F220BB /* CallDirectoryHandler.swift in Sources */ = {isa = PBXBuildFile; fileRef = DE33734D1FB2531400F220BB /* CallDirectoryHandler.swift */; };
		DE3373521FB2531400F220BB /* CallKittyDirectoryExtension.appex in Embed App Extensions */ = {isa = PBXBuildFile; fileRef = DE33734B1FB2531400F220BB /* CallKittyDirectoryExtension.appex */; settings = {ATTRIBUTES = (RemoveHeadersOnCopy, ); }; };
		DE41841D1FB91A0A000918D6 /* UIColor+CallKitty.swift in Sources */ = {isa = PBXBuildFile; fileRef = DE41841C1FB91A0A000918D6 /* UIColor+CallKitty.swift */; };
		DE4705781FB3FBFA000FC02D /* PhoneCaller.swift in Sources */ = {isa = PBXBuildFile; fileRef = DE4705771FB3FBFA000FC02D /* PhoneCaller.swift */; };
		DE47057A1FB40AD3000FC02D /* PhoneNumberFormatter.swift in Sources */ = {isa = PBXBuildFile; fileRef = DE4705791FB40AD3000FC02D /* PhoneNumberFormatter.swift */; };
		DE47057C1FB40DF8000FC02D /* PhoneNumberFormatterTests.swift in Sources */ = {isa = PBXBuildFile; fileRef = DE47057B1FB40DF8000FC02D /* PhoneNumberFormatterTests.swift */; };
		DE47057D1FB40FFF000FC02D /* RealmSwift.framework in Frameworks */ = {isa = PBXBuildFile; fileRef = DE22F7231FB3F6760054E29D /* RealmSwift.framework */; };
		DE47057E1FB41003000FC02D /* Realm.framework in Frameworks */ = {isa = PBXBuildFile; fileRef = DE22F7211FB3F66D0054E29D /* Realm.framework */; };
		DE5FD7921FD5C01700AEF9A1 /* Constants.swift in Sources */ = {isa = PBXBuildFile; fileRef = DE5FD78D1FD5C01700AEF9A1 /* Constants.swift */; };
		DE5FD7931FD5C01700AEF9A1 /* Shared.xcassets in Resources */ = {isa = PBXBuildFile; fileRef = DE5FD78E1FD5C01700AEF9A1 /* Shared.xcassets */; };
		DE5FD7941FD5C01700AEF9A1 /* Models.swift in Sources */ = {isa = PBXBuildFile; fileRef = DE5FD78F1FD5C01700AEF9A1 /* Models.swift */; };
		DE5FD7951FD5C01700AEF9A1 /* LocalIPAddress.swift in Sources */ = {isa = PBXBuildFile; fileRef = DE5FD7901FD5C01700AEF9A1 /* LocalIPAddress.swift */; };
		DE7AF8F11FB2201A00C2D29C /* ProviderDelegate.swift in Sources */ = {isa = PBXBuildFile; fileRef = DE7AF8F01FB2201A00C2D29C /* ProviderDelegate.swift */; };
		DE7AF8F71FB221F400C2D29C /* CallKittyCallManager.swift in Sources */ = {isa = PBXBuildFile; fileRef = DE7AF8F61FB221F400C2D29C /* CallKittyCallManager.swift */; };
		DE7AF8F91FB221FF00C2D29C /* CallKittyCall.swift in Sources */ = {isa = PBXBuildFile; fileRef = DE7AF8F81FB221FF00C2D29C /* CallKittyCall.swift */; };
		DE813CE51FB7F2F900952BE2 /* RealmSwift.framework in Frameworks */ = {isa = PBXBuildFile; fileRef = DE22F7231FB3F6760054E29D /* RealmSwift.framework */; };
		DE813CE61FB7F30100952BE2 /* Realm.framework in Frameworks */ = {isa = PBXBuildFile; fileRef = DE22F7211FB3F66D0054E29D /* Realm.framework */; };
		DE813CE71FB7F33F00952BE2 /* PhoneCaller.swift in Sources */ = {isa = PBXBuildFile; fileRef = DE4705771FB3FBFA000FC02D /* PhoneCaller.swift */; };
		DE813CE81FB7F36000952BE2 /* PhoneNumberFormatter.swift in Sources */ = {isa = PBXBuildFile; fileRef = DE4705791FB40AD3000FC02D /* PhoneNumberFormatter.swift */; };
		DE83C98A1FB218B20078CD01 /* AppDelegate.swift in Sources */ = {isa = PBXBuildFile; fileRef = DE83C9891FB218B20078CD01 /* AppDelegate.swift */; };
		DE83C98F1FB218B20078CD01 /* Main.storyboard in Resources */ = {isa = PBXBuildFile; fileRef = DE83C98D1FB218B20078CD01 /* Main.storyboard */; };
		DE83C9941FB218B20078CD01 /* LaunchScreen.storyboard in Resources */ = {isa = PBXBuildFile; fileRef = DE83C9921FB218B20078CD01 /* LaunchScreen.storyboard */; };
		DE83C9AA1FB218B20078CD01 /* CallKittyUITests.swift in Sources */ = {isa = PBXBuildFile; fileRef = DE83C9A91FB218B20078CD01 /* CallKittyUITests.swift */; };
		DE842F201FB2290000F9936D /* Array+CallKitty.swift in Sources */ = {isa = PBXBuildFile; fileRef = DE842F1F1FB2290000F9936D /* Array+CallKitty.swift */; };
		DE842F221FB2292300F9936D /* UIFont+CallKitty.swift in Sources */ = {isa = PBXBuildFile; fileRef = DE842F211FB2292200F9936D /* UIFont+CallKitty.swift */; };
		DE842F2F1FB22E3500F9936D /* CallsViewController.swift in Sources */ = {isa = PBXBuildFile; fileRef = DE842F2E1FB22E3500F9936D /* CallsViewController.swift */; };
		DE842F311FB22E5B00F9936D /* DialOptionsViewController.swift in Sources */ = {isa = PBXBuildFile; fileRef = DE842F301FB22E5B00F9936D /* DialOptionsViewController.swift */; };
		DE842F331FB22E7400F9936D /* SimulateIncomingCallViewController.swift in Sources */ = {isa = PBXBuildFile; fileRef = DE842F321FB22E7400F9936D /* SimulateIncomingCallViewController.swift */; };
		DE842F361FB22EE600F9936D /* CallSummaryTableViewCell.swift in Sources */ = {isa = PBXBuildFile; fileRef = DE842F351FB22EE600F9936D /* CallSummaryTableViewCell.swift */; };
		DE842F391FB22F4400F9936D /* CallDurationFormatter.swift in Sources */ = {isa = PBXBuildFile; fileRef = DE842F381FB22F4400F9936D /* CallDurationFormatter.swift */; };
		DE842F3C1FB2301300F9936D /* Localizable.strings in Resources */ = {isa = PBXBuildFile; fileRef = DE842F3A1FB2301300F9936D /* Localizable.strings */; };
		DE842F3F1FB2355900F9936D /* Ringtone.aif in Resources */ = {isa = PBXBuildFile; fileRef = DE842F3E1FB2354B00F9936D /* Ringtone.aif */; };
		DE842F411FB236C500F9936D /* Audio.swift in Sources */ = {isa = PBXBuildFile; fileRef = DE842F401FB236C500F9936D /* Audio.swift */; };
		DE842F431FB239A100F9936D /* Assets.xcassets in Resources */ = {isa = PBXBuildFile; fileRef = DE842F421FB239A100F9936D /* Assets.xcassets */; };
		DEA313C91FC3B04600A4A924 /* CallDirectoryManagerUtils.swift in Sources */ = {isa = PBXBuildFile; fileRef = DEA313C81FC3B04600A4A924 /* CallDirectoryManagerUtils.swift */; };
		DEA396AC1FB420A0007E01BA /* PhoneCallerTests.swift in Sources */ = {isa = PBXBuildFile; fileRef = DEA396AB1FB420A0007E01BA /* PhoneCallerTests.swift */; };
		DEA92F5C1FB50BF200A0178C /* RealmServiceTests.swift in Sources */ = {isa = PBXBuildFile; fileRef = DEA92F5B1FB50BF200A0178C /* RealmServiceTests.swift */; };
		DEA92F5E1FB50C4300A0178C /* RealmService.swift in Sources */ = {isa = PBXBuildFile; fileRef = DEA92F5D1FB50C4300A0178C /* RealmService.swift */; };
		DEAD53FB1FD5DC940055D181 /* Constants.swift in Sources */ = {isa = PBXBuildFile; fileRef = DE5FD78D1FD5C01700AEF9A1 /* Constants.swift */; };
		DEAD53FC1FD5DC9C0055D181 /* LocalIPAddress.swift in Sources */ = {isa = PBXBuildFile; fileRef = DE5FD7901FD5C01700AEF9A1 /* LocalIPAddress.swift */; };
		DEC4A0661FB5637F00E5A290 /* EditVC.swift in Sources */ = {isa = PBXBuildFile; fileRef = DEC4A0651FB5637F00E5A290 /* EditVC.swift */; };
		DEC4A0681FB5640D00E5A290 /* Edit.storyboard in Resources */ = {isa = PBXBuildFile; fileRef = DEC4A0671FB5640D00E5A290 /* Edit.storyboard */; };
		DEC941B01FB29671009802B7 /* CallKittyCallTests.swift in Sources */ = {isa = PBXBuildFile; fileRef = DEC941AF1FB29671009802B7 /* CallKittyCallTests.swift */; };
		DEC941B21FB298CF009802B7 /* CallDirectoryHandlerTests.swift in Sources */ = {isa = PBXBuildFile; fileRef = DEC941B11FB298CF009802B7 /* CallDirectoryHandlerTests.swift */; };
		DEE066921FB577B400B1C11F /* AddBlocksVC.swift in Sources */ = {isa = PBXBuildFile; fileRef = DEE066911FB577B400B1C11F /* AddBlocksVC.swift */; };
		DEE066941FB578DC00B1C11F /* AddBlocks.storyboard in Resources */ = {isa = PBXBuildFile; fileRef = DEE066931FB578DC00B1C11F /* AddBlocks.storyboard */; };
		DEEABD6C1FB64E3700767C24 /* LongTableViewController.swift in Sources */ = {isa = PBXBuildFile; fileRef = DEEABD6B1FB64E3700767C24 /* LongTableViewController.swift */; };
		DEFC40481FB2B65200A8E983 /* CallKittyProviderDelegateTests.swift in Sources */ = {isa = PBXBuildFile; fileRef = DEFC40471FB2B65200A8E983 /* CallKittyProviderDelegateTests.swift */; };
		DEFD18A61FBE43F8006A371A /* PhoneCallerStatusHelper.swift in Sources */ = {isa = PBXBuildFile; fileRef = DEFD18A51FBE43F8006A371A /* PhoneCallerStatusHelper.swift */; };
		DEFD18A81FBE4492006A371A /* PhoneCallerStatusHelperTests.swift in Sources */ = {isa = PBXBuildFile; fileRef = DEFD18A71FBE4492006A371A /* PhoneCallerStatusHelperTests.swift */; };
/* End PBXBuildFile section */

/* Begin PBXContainerItemProxy section */
		DE3373501FB2531400F220BB /* PBXContainerItemProxy */ = {
			isa = PBXContainerItemProxy;
			containerPortal = DE83C97E1FB218B20078CD01 /* Project object */;
			proxyType = 1;
			remoteGlobalIDString = DE33734A1FB2531400F220BB;
			remoteInfo = CallKittyDirectoryExtension;
		};
		DE83C99B1FB218B20078CD01 /* PBXContainerItemProxy */ = {
			isa = PBXContainerItemProxy;
			containerPortal = DE83C97E1FB218B20078CD01 /* Project object */;
			proxyType = 1;
			remoteGlobalIDString = DE83C9851FB218B20078CD01;
			remoteInfo = CallKitty;
		};
		DE83C9A61FB218B20078CD01 /* PBXContainerItemProxy */ = {
			isa = PBXContainerItemProxy;
			containerPortal = DE83C97E1FB218B20078CD01 /* Project object */;
			proxyType = 1;
			remoteGlobalIDString = DE83C9851FB218B20078CD01;
			remoteInfo = CallKitty;
		};
/* End PBXContainerItemProxy section */

/* Begin PBXCopyFilesBuildPhase section */
		DE7B962D1FB23DD5009D7CD2 /* Embed App Extensions */ = {
			isa = PBXCopyFilesBuildPhase;
			buildActionMask = 2147483647;
			dstPath = "";
			dstSubfolderSpec = 13;
			files = (
				DE3373521FB2531400F220BB /* CallKittyDirectoryExtension.appex in Embed App Extensions */,
			);
			name = "Embed App Extensions";
			runOnlyForDeploymentPostprocessing = 0;
		};
/* End PBXCopyFilesBuildPhase section */

/* Begin PBXFileReference section */
		DE0B510D1FB58008005A2465 /* Calls.storyboard */ = {isa = PBXFileReference; fileEncoding = 4; lastKnownFileType = file.storyboard; path = Calls.storyboard; sourceTree = "<group>"; };
		DE1CA99E1FB547D700B711EE /* Summary.storyboard */ = {isa = PBXFileReference; lastKnownFileType = file.storyboard; path = Summary.storyboard; sourceTree = "<group>"; };
		DE1CA9A01FB5483F00B711EE /* SummaryViewController.swift */ = {isa = PBXFileReference; lastKnownFileType = sourcecode.swift; path = SummaryViewController.swift; sourceTree = "<group>"; };
		DE22F7211FB3F66D0054E29D /* Realm.framework */ = {isa = PBXFileReference; lastKnownFileType = wrapper.framework; name = Realm.framework; path = Carthage/Build/iOS/Realm.framework; sourceTree = "<group>"; };
		DE22F7231FB3F6760054E29D /* RealmSwift.framework */ = {isa = PBXFileReference; lastKnownFileType = wrapper.framework; name = RealmSwift.framework; path = Carthage/Build/iOS/RealmSwift.framework; sourceTree = "<group>"; };
		DE2F4E0C1FB787BA00CAA2D3 /* AddBlocksVCTests.swift */ = {isa = PBXFileReference; lastKnownFileType = sourcecode.swift; path = AddBlocksVCTests.swift; sourceTree = "<group>"; };
		DE33734B1FB2531400F220BB /* CallKittyDirectoryExtension.appex */ = {isa = PBXFileReference; explicitFileType = "wrapper.app-extension"; includeInIndex = 0; path = CallKittyDirectoryExtension.appex; sourceTree = BUILT_PRODUCTS_DIR; };
		DE33734D1FB2531400F220BB /* CallDirectoryHandler.swift */ = {isa = PBXFileReference; lastKnownFileType = sourcecode.swift; path = CallDirectoryHandler.swift; sourceTree = "<group>"; };
		DE33734F1FB2531400F220BB /* Info.plist */ = {isa = PBXFileReference; lastKnownFileType = text.plist.xml; path = Info.plist; sourceTree = "<group>"; };
		DE41841C1FB91A0A000918D6 /* UIColor+CallKitty.swift */ = {isa = PBXFileReference; lastKnownFileType = sourcecode.swift; path = "UIColor+CallKitty.swift"; sourceTree = "<group>"; };
		DE4705771FB3FBFA000FC02D /* PhoneCaller.swift */ = {isa = PBXFileReference; fileEncoding = 4; lastKnownFileType = sourcecode.swift; path = PhoneCaller.swift; sourceTree = "<group>"; };
		DE4705791FB40AD3000FC02D /* PhoneNumberFormatter.swift */ = {isa = PBXFileReference; fileEncoding = 4; lastKnownFileType = sourcecode.swift; path = PhoneNumberFormatter.swift; sourceTree = "<group>"; };
		DE47057B1FB40DF8000FC02D /* PhoneNumberFormatterTests.swift */ = {isa = PBXFileReference; lastKnownFileType = sourcecode.swift; path = PhoneNumberFormatterTests.swift; sourceTree = "<group>"; };
		DE5FD78D1FD5C01700AEF9A1 /* Constants.swift */ = {isa = PBXFileReference; fileEncoding = 4; lastKnownFileType = sourcecode.swift; path = Constants.swift; sourceTree = "<group>"; };
		DE5FD78E1FD5C01700AEF9A1 /* Shared.xcassets */ = {isa = PBXFileReference; lastKnownFileType = folder.assetcatalog; path = Shared.xcassets; sourceTree = "<group>"; };
		DE5FD78F1FD5C01700AEF9A1 /* Models.swift */ = {isa = PBXFileReference; fileEncoding = 4; lastKnownFileType = sourcecode.swift; path = Models.swift; sourceTree = "<group>"; };
		DE5FD7901FD5C01700AEF9A1 /* LocalIPAddress.swift */ = {isa = PBXFileReference; fileEncoding = 4; lastKnownFileType = sourcecode.swift; path = LocalIPAddress.swift; sourceTree = "<group>"; };
		DE7AF8E81FB21BE100C2D29C /* README.md */ = {isa = PBXFileReference; lastKnownFileType = net.daringfireball.markdown; path = README.md; sourceTree = "<group>"; };
		DE7AF8F01FB2201A00C2D29C /* ProviderDelegate.swift */ = {isa = PBXFileReference; fileEncoding = 4; lastKnownFileType = sourcecode.swift; path = ProviderDelegate.swift; sourceTree = "<group>"; };
		DE7AF8F61FB221F400C2D29C /* CallKittyCallManager.swift */ = {isa = PBXFileReference; fileEncoding = 4; lastKnownFileType = sourcecode.swift; path = CallKittyCallManager.swift; sourceTree = "<group>"; };
		DE7AF8F81FB221FF00C2D29C /* CallKittyCall.swift */ = {isa = PBXFileReference; fileEncoding = 4; lastKnownFileType = sourcecode.swift; path = CallKittyCall.swift; sourceTree = "<group>"; };
		DE83C9861FB218B20078CD01 /* CallKitty.app */ = {isa = PBXFileReference; explicitFileType = wrapper.application; includeInIndex = 0; path = CallKitty.app; sourceTree = BUILT_PRODUCTS_DIR; };
		DE83C9891FB218B20078CD01 /* AppDelegate.swift */ = {isa = PBXFileReference; lastKnownFileType = sourcecode.swift; path = AppDelegate.swift; sourceTree = "<group>"; };
		DE83C98E1FB218B20078CD01 /* Base */ = {isa = PBXFileReference; lastKnownFileType = file.storyboard; name = Base; path = Base.lproj/Main.storyboard; sourceTree = "<group>"; };
		DE83C9931FB218B20078CD01 /* Base */ = {isa = PBXFileReference; lastKnownFileType = file.storyboard; name = Base; path = Base.lproj/LaunchScreen.storyboard; sourceTree = "<group>"; };
		DE83C9951FB218B20078CD01 /* Info.plist */ = {isa = PBXFileReference; lastKnownFileType = text.plist.xml; path = Info.plist; sourceTree = "<group>"; };
		DE83C99A1FB218B20078CD01 /* CallKittyTests.xctest */ = {isa = PBXFileReference; explicitFileType = wrapper.cfbundle; includeInIndex = 0; path = CallKittyTests.xctest; sourceTree = BUILT_PRODUCTS_DIR; };
		DE83C9A01FB218B20078CD01 /* Info.plist */ = {isa = PBXFileReference; lastKnownFileType = text.plist.xml; path = Info.plist; sourceTree = "<group>"; };
		DE83C9A51FB218B20078CD01 /* CallKittyUITests.xctest */ = {isa = PBXFileReference; explicitFileType = wrapper.cfbundle; includeInIndex = 0; path = CallKittyUITests.xctest; sourceTree = BUILT_PRODUCTS_DIR; };
		DE83C9A91FB218B20078CD01 /* CallKittyUITests.swift */ = {isa = PBXFileReference; lastKnownFileType = sourcecode.swift; path = CallKittyUITests.swift; sourceTree = "<group>"; };
		DE83C9AB1FB218B20078CD01 /* Info.plist */ = {isa = PBXFileReference; lastKnownFileType = text.plist.xml; path = Info.plist; sourceTree = "<group>"; };
		DE842F1F1FB2290000F9936D /* Array+CallKitty.swift */ = {isa = PBXFileReference; fileEncoding = 4; lastKnownFileType = sourcecode.swift; path = "Array+CallKitty.swift"; sourceTree = "<group>"; };
		DE842F211FB2292200F9936D /* UIFont+CallKitty.swift */ = {isa = PBXFileReference; fileEncoding = 4; lastKnownFileType = sourcecode.swift; path = "UIFont+CallKitty.swift"; sourceTree = "<group>"; };
		DE842F2E1FB22E3500F9936D /* CallsViewController.swift */ = {isa = PBXFileReference; fileEncoding = 4; lastKnownFileType = sourcecode.swift; path = CallsViewController.swift; sourceTree = "<group>"; };
		DE842F301FB22E5B00F9936D /* DialOptionsViewController.swift */ = {isa = PBXFileReference; fileEncoding = 4; lastKnownFileType = sourcecode.swift; path = DialOptionsViewController.swift; sourceTree = "<group>"; };
		DE842F321FB22E7400F9936D /* SimulateIncomingCallViewController.swift */ = {isa = PBXFileReference; fileEncoding = 4; lastKnownFileType = sourcecode.swift; path = SimulateIncomingCallViewController.swift; sourceTree = "<group>"; };
		DE842F351FB22EE600F9936D /* CallSummaryTableViewCell.swift */ = {isa = PBXFileReference; fileEncoding = 4; lastKnownFileType = sourcecode.swift; path = CallSummaryTableViewCell.swift; sourceTree = "<group>"; };
		DE842F381FB22F4400F9936D /* CallDurationFormatter.swift */ = {isa = PBXFileReference; fileEncoding = 4; lastKnownFileType = sourcecode.swift; path = CallDurationFormatter.swift; sourceTree = "<group>"; };
		DE842F3B1FB2301300F9936D /* Base */ = {isa = PBXFileReference; lastKnownFileType = text.plist.strings; name = Base; path = Base.lproj/Localizable.strings; sourceTree = "<group>"; };
		DE842F3E1FB2354B00F9936D /* Ringtone.aif */ = {isa = PBXFileReference; lastKnownFileType = file; path = Ringtone.aif; sourceTree = "<group>"; };
		DE842F401FB236C500F9936D /* Audio.swift */ = {isa = PBXFileReference; fileEncoding = 4; lastKnownFileType = sourcecode.swift; name = Audio.swift; path = CallKitty/Audio.swift; sourceTree = SOURCE_ROOT; };
		DE842F421FB239A100F9936D /* Assets.xcassets */ = {isa = PBXFileReference; lastKnownFileType = folder.assetcatalog; path = Assets.xcassets; sourceTree = "<group>"; };
		DEA313C81FC3B04600A4A924 /* CallDirectoryManagerUtils.swift */ = {isa = PBXFileReference; lastKnownFileType = sourcecode.swift; path = CallDirectoryManagerUtils.swift; sourceTree = "<group>"; };
		DEA396AB1FB420A0007E01BA /* PhoneCallerTests.swift */ = {isa = PBXFileReference; fileEncoding = 4; lastKnownFileType = sourcecode.swift; path = PhoneCallerTests.swift; sourceTree = "<group>"; };
		DEA92F5B1FB50BF200A0178C /* RealmServiceTests.swift */ = {isa = PBXFileReference; fileEncoding = 4; lastKnownFileType = sourcecode.swift; path = RealmServiceTests.swift; sourceTree = "<group>"; };
		DEA92F5D1FB50C4300A0178C /* RealmService.swift */ = {isa = PBXFileReference; fileEncoding = 4; lastKnownFileType = sourcecode.swift; path = RealmService.swift; sourceTree = "<group>"; };
		DEC4A0651FB5637F00E5A290 /* EditVC.swift */ = {isa = PBXFileReference; lastKnownFileType = sourcecode.swift; path = EditVC.swift; sourceTree = "<group>"; };
		DEC4A0671FB5640D00E5A290 /* Edit.storyboard */ = {isa = PBXFileReference; lastKnownFileType = file.storyboard; path = Edit.storyboard; sourceTree = "<group>"; };
		DEC941AF1FB29671009802B7 /* CallKittyCallTests.swift */ = {isa = PBXFileReference; lastKnownFileType = sourcecode.swift; path = CallKittyCallTests.swift; sourceTree = "<group>"; };
		DEC941B11FB298CF009802B7 /* CallDirectoryHandlerTests.swift */ = {isa = PBXFileReference; lastKnownFileType = sourcecode.swift; path = CallDirectoryHandlerTests.swift; sourceTree = "<group>"; };
		DEE066911FB577B400B1C11F /* AddBlocksVC.swift */ = {isa = PBXFileReference; lastKnownFileType = sourcecode.swift; path = AddBlocksVC.swift; sourceTree = "<group>"; };
		DEE066931FB578DC00B1C11F /* AddBlocks.storyboard */ = {isa = PBXFileReference; lastKnownFileType = file.storyboard; path = AddBlocks.storyboard; sourceTree = "<group>"; };
		DEEABD6B1FB64E3700767C24 /* LongTableViewController.swift */ = {isa = PBXFileReference; lastKnownFileType = sourcecode.swift; path = LongTableViewController.swift; sourceTree = "<group>"; };
		DEFC40471FB2B65200A8E983 /* CallKittyProviderDelegateTests.swift */ = {isa = PBXFileReference; lastKnownFileType = sourcecode.swift; path = CallKittyProviderDelegateTests.swift; sourceTree = "<group>"; };
		DEFD18A51FBE43F8006A371A /* PhoneCallerStatusHelper.swift */ = {isa = PBXFileReference; lastKnownFileType = sourcecode.swift; path = PhoneCallerStatusHelper.swift; sourceTree = "<group>"; };
		DEFD18A71FBE4492006A371A /* PhoneCallerStatusHelperTests.swift */ = {isa = PBXFileReference; lastKnownFileType = sourcecode.swift; path = PhoneCallerStatusHelperTests.swift; sourceTree = "<group>"; };
/* End PBXFileReference section */

/* Begin PBXFrameworksBuildPhase section */
		DE3373481FB2531400F220BB /* Frameworks */ = {
			isa = PBXFrameworksBuildPhase;
			buildActionMask = 2147483647;
			files = (
				DE813CE61FB7F30100952BE2 /* Realm.framework in Frameworks */,
				DE813CE51FB7F2F900952BE2 /* RealmSwift.framework in Frameworks */,
			);
			runOnlyForDeploymentPostprocessing = 0;
		};
		DE83C9831FB218B20078CD01 /* Frameworks */ = {
			isa = PBXFrameworksBuildPhase;
			buildActionMask = 2147483647;
			files = (
				DE22F7221FB3F66D0054E29D /* Realm.framework in Frameworks */,
				DE22F7241FB3F6760054E29D /* RealmSwift.framework in Frameworks */,
			);
			runOnlyForDeploymentPostprocessing = 0;
		};
		DE83C9971FB218B20078CD01 /* Frameworks */ = {
			isa = PBXFrameworksBuildPhase;
			buildActionMask = 2147483647;
			files = (
				DE47057E1FB41003000FC02D /* Realm.framework in Frameworks */,
				DE47057D1FB40FFF000FC02D /* RealmSwift.framework in Frameworks */,
			);
			runOnlyForDeploymentPostprocessing = 0;
		};
		DE83C9A21FB218B20078CD01 /* Frameworks */ = {
			isa = PBXFrameworksBuildPhase;
			buildActionMask = 2147483647;
			files = (
			);
			runOnlyForDeploymentPostprocessing = 0;
		};
/* End PBXFrameworksBuildPhase section */

/* Begin PBXGroup section */
		DE22F7201FB3F66C0054E29D /* Frameworks */ = {
			isa = PBXGroup;
			children = (
				DE22F7231FB3F6760054E29D /* RealmSwift.framework */,
				DE22F7211FB3F66D0054E29D /* Realm.framework */,
			);
			name = Frameworks;
			sourceTree = "<group>";
		};
		DE33734C1FB2531400F220BB /* CallKittyDirectoryExtension */ = {
			isa = PBXGroup;
			children = (
				DE33734D1FB2531400F220BB /* CallDirectoryHandler.swift */,
				DE33734F1FB2531400F220BB /* Info.plist */,
			);
			path = CallKittyDirectoryExtension;
			sourceTree = "<group>";
		};
		DE4705761FB3FB57000FC02D /* PhoneCaller */ = {
			isa = PBXGroup;
			children = (
				DE4705771FB3FBFA000FC02D /* PhoneCaller.swift */,
				DEA92F5D1FB50C4300A0178C /* RealmService.swift */,
			);
			name = PhoneCaller;
			sourceTree = "<group>";
		};
		DE5FD78C1FD5C01700AEF9A1 /* RealmTasks Shared */ = {
			isa = PBXGroup;
			children = (
				DE5FD78D1FD5C01700AEF9A1 /* Constants.swift */,
				DE5FD78E1FD5C01700AEF9A1 /* Shared.xcassets */,
				DE5FD78F1FD5C01700AEF9A1 /* Models.swift */,
				DE5FD7901FD5C01700AEF9A1 /* LocalIPAddress.swift */,
			);
			path = "RealmTasks Shared";
			sourceTree = "<group>";
		};
		DE7AF8F21FB2204E00C2D29C /* Call Management */ = {
			isa = PBXGroup;
			children = (
				DE7AF8F61FB221F400C2D29C /* CallKittyCallManager.swift */,
				DE7AF8F81FB221FF00C2D29C /* CallKittyCall.swift */,
				DE7AF8F01FB2201A00C2D29C /* ProviderDelegate.swift */,
			);
			name = "Call Management";
			sourceTree = "<group>";
		};
		DE7AF8F31FB2207A00C2D29C /* AddBlocks */ = {
			isa = PBXGroup;
			children = (
				DEE066931FB578DC00B1C11F /* AddBlocks.storyboard */,
				DEE066911FB577B400B1C11F /* AddBlocksVC.swift */,
			);
			name = AddBlocks;
			sourceTree = "<group>";
		};
		DE7AF8F51FB2210C00C2D29C /* Supporting Files */ = {
			isa = PBXGroup;
			children = (
				DE83C9951FB218B20078CD01 /* Info.plist */,
				DE842F3A1FB2301300F9936D /* Localizable.strings */,
			);
			name = "Supporting Files";
			sourceTree = "<group>";
		};
		DE83C97D1FB218B20078CD01 = {
			isa = PBXGroup;
			children = (
				DE7AF8E81FB21BE100C2D29C /* README.md */,
				DE83C9881FB218B20078CD01 /* CallKitty */,
				DE83C99D1FB218B20078CD01 /* CallKittyTests */,
				DE83C9A81FB218B20078CD01 /* CallKittyUITests */,
				DE33734C1FB2531400F220BB /* CallKittyDirectoryExtension */,
				DE22F7201FB3F66C0054E29D /* Frameworks */,
				DE83C9871FB218B20078CD01 /* Products */,
			);
			sourceTree = "<group>";
		};
		DE83C9871FB218B20078CD01 /* Products */ = {
			isa = PBXGroup;
			children = (
				DE83C9861FB218B20078CD01 /* CallKitty.app */,
				DE83C99A1FB218B20078CD01 /* CallKittyTests.xctest */,
				DE83C9A51FB218B20078CD01 /* CallKittyUITests.xctest */,
				DE33734B1FB2531400F220BB /* CallKittyDirectoryExtension.appex */,
			);
			name = Products;
			sourceTree = "<group>";
		};
		DE83C9881FB218B20078CD01 /* CallKitty */ = {
			isa = PBXGroup;
			children = (
				DE7AF8F31FB2207A00C2D29C /* AddBlocks */,
				DEC209391FC17C750040B915 /* Audio */,
				DEE9FB191FBFAF350028FD6A /* Calls */,
				DE7AF8F21FB2204E00C2D29C /* Call Management */,
				DE842F371FB22F1600F9936D /* Data Formatters */,
				DEE9FB181FBFAF020028FD6A /* Edit */,
				DE842F1E1FB228B500F9936D /* Extensions */,
				DE4705761FB3FB57000FC02D /* PhoneCaller */,
				DE5FD78C1FD5C01700AEF9A1 /* RealmTasks Shared */,
				DE842F3D1FB234F300F9936D /* Sounds */,
				DE842F341FB22EAF00F9936D /* Summary */,
				DE7AF8F51FB2210C00C2D29C /* Supporting Files */,
				DE83C9891FB218B20078CD01 /* AppDelegate.swift */,
				DEA313C81FC3B04600A4A924 /* CallDirectoryManagerUtils.swift */,
				DE83C9921FB218B20078CD01 /* LaunchScreen.storyboard */,
				DEFD18A51FBE43F8006A371A /* PhoneCallerStatusHelper.swift */,
				DE83C98D1FB218B20078CD01 /* Main.storyboard */,
				DE842F421FB239A100F9936D /* Assets.xcassets */,
			);
			path = CallKitty;
			sourceTree = "<group>";
		};
		DE83C99D1FB218B20078CD01 /* CallKittyTests */ = {
			isa = PBXGroup;
			children = (
				DE2F4E0C1FB787BA00CAA2D3 /* AddBlocksVCTests.swift */,
				DEC941B11FB298CF009802B7 /* CallDirectoryHandlerTests.swift */,
				DEC941AF1FB29671009802B7 /* CallKittyCallTests.swift */,
				DEFC40471FB2B65200A8E983 /* CallKittyProviderDelegateTests.swift */,
				DE83C9A01FB218B20078CD01 /* Info.plist */,
				DEFD18A71FBE4492006A371A /* PhoneCallerStatusHelperTests.swift */,
				DEA396AB1FB420A0007E01BA /* PhoneCallerTests.swift */,
				DE47057B1FB40DF8000FC02D /* PhoneNumberFormatterTests.swift */,
				DEA92F5B1FB50BF200A0178C /* RealmServiceTests.swift */,
			);
			path = CallKittyTests;
			sourceTree = "<group>";
		};
		DE83C9A81FB218B20078CD01 /* CallKittyUITests */ = {
			isa = PBXGroup;
			children = (
				DE83C9A91FB218B20078CD01 /* CallKittyUITests.swift */,
				DE83C9AB1FB218B20078CD01 /* Info.plist */,
			);
			path = CallKittyUITests;
			sourceTree = "<group>";
		};
		DE842F1E1FB228B500F9936D /* Extensions */ = {
			isa = PBXGroup;
			children = (
				DE842F1F1FB2290000F9936D /* Array+CallKitty.swift */,
				DE41841C1FB91A0A000918D6 /* UIColor+CallKitty.swift */,
				DE842F211FB2292200F9936D /* UIFont+CallKitty.swift */,
			);
			name = Extensions;
			sourceTree = "<group>";
		};
		DE842F341FB22EAF00F9936D /* Summary */ = {
			isa = PBXGroup;
			children = (
				DEEABD6B1FB64E3700767C24 /* LongTableViewController.swift */,
				DE1CA9A01FB5483F00B711EE /* SummaryViewController.swift */,
				DE1CA99E1FB547D700B711EE /* Summary.storyboard */,
			);
			name = Summary;
			sourceTree = "<group>";
		};
		DE842F371FB22F1600F9936D /* Data Formatters */ = {
			isa = PBXGroup;
			children = (
				DE842F381FB22F4400F9936D /* CallDurationFormatter.swift */,
				DE4705791FB40AD3000FC02D /* PhoneNumberFormatter.swift */,
			);
			name = "Data Formatters";
			sourceTree = "<group>";
		};
		DE842F3D1FB234F300F9936D /* Sounds */ = {
			isa = PBXGroup;
			children = (
				DE842F3E1FB2354B00F9936D /* Ringtone.aif */,
			);
			name = Sounds;
			sourceTree = "<group>";
		};
		DEC209391FC17C750040B915 /* Audio */ = {
			isa = PBXGroup;
			children = (
				DE842F401FB236C500F9936D /* Audio.swift */,
			);
			name = Audio;
			sourceTree = "<group>";
		};
		DEE9FB181FBFAF020028FD6A /* Edit */ = {
			isa = PBXGroup;
			children = (
				DEC4A0671FB5640D00E5A290 /* Edit.storyboard */,
				DEC4A0651FB5637F00E5A290 /* EditVC.swift */,
			);
			name = Edit;
			sourceTree = "<group>";
		};
		DEE9FB191FBFAF350028FD6A /* Calls */ = {
			isa = PBXGroup;
			children = (
				DE842F351FB22EE600F9936D /* CallSummaryTableViewCell.swift */,
				DE0B510D1FB58008005A2465 /* Calls.storyboard */,
				DE842F2E1FB22E3500F9936D /* CallsViewController.swift */,
				DE842F301FB22E5B00F9936D /* DialOptionsViewController.swift */,
				DE842F321FB22E7400F9936D /* SimulateIncomingCallViewController.swift */,
			);
			name = Calls;
			sourceTree = "<group>";
		};
/* End PBXGroup section */

/* Begin PBXNativeTarget section */
		DE33734A1FB2531400F220BB /* CallKittyDirectoryExtension */ = {
			isa = PBXNativeTarget;
			buildConfigurationList = DE3373551FB2531400F220BB /* Build configuration list for PBXNativeTarget "CallKittyDirectoryExtension" */;
			buildPhases = (
				DE3373471FB2531400F220BB /* Sources */,
				DE3373481FB2531400F220BB /* Frameworks */,
				DE3373491FB2531400F220BB /* Resources */,
			);
			buildRules = (
			);
			dependencies = (
			);
			name = CallKittyDirectoryExtension;
			productName = CallKittyDirectoryExtension;
			productReference = DE33734B1FB2531400F220BB /* CallKittyDirectoryExtension.appex */;
			productType = "com.apple.product-type.app-extension";
		};
		DE83C9851FB218B20078CD01 /* CallKitty */ = {
			isa = PBXNativeTarget;
			buildConfigurationList = DE83C9AE1FB218B20078CD01 /* Build configuration list for PBXNativeTarget "CallKitty" */;
			buildPhases = (
				DE83C9821FB218B20078CD01 /* Sources */,
				DE83C9831FB218B20078CD01 /* Frameworks */,
				DE83C9841FB218B20078CD01 /* Resources */,
				DE7B962D1FB23DD5009D7CD2 /* Embed App Extensions */,
				DE22F7251FB3F7800054E29D /* ShellScript */,
			);
			buildRules = (
			);
			dependencies = (
				DE3373511FB2531400F220BB /* PBXTargetDependency */,
			);
			name = CallKitty;
			productName = CallKitty;
			productReference = DE83C9861FB218B20078CD01 /* CallKitty.app */;
			productType = "com.apple.product-type.application";
		};
		DE83C9991FB218B20078CD01 /* CallKittyTests */ = {
			isa = PBXNativeTarget;
			buildConfigurationList = DE83C9B11FB218B20078CD01 /* Build configuration list for PBXNativeTarget "CallKittyTests" */;
			buildPhases = (
				DE83C9961FB218B20078CD01 /* Sources */,
				DE83C9971FB218B20078CD01 /* Frameworks */,
				DE83C9981FB218B20078CD01 /* Resources */,
			);
			buildRules = (
			);
			dependencies = (
				DE83C99C1FB218B20078CD01 /* PBXTargetDependency */,
			);
			name = CallKittyTests;
			productName = CallKittyTests;
			productReference = DE83C99A1FB218B20078CD01 /* CallKittyTests.xctest */;
			productType = "com.apple.product-type.bundle.unit-test";
		};
		DE83C9A41FB218B20078CD01 /* CallKittyUITests */ = {
			isa = PBXNativeTarget;
			buildConfigurationList = DE83C9B41FB218B20078CD01 /* Build configuration list for PBXNativeTarget "CallKittyUITests" */;
			buildPhases = (
				DE83C9A11FB218B20078CD01 /* Sources */,
				DE83C9A21FB218B20078CD01 /* Frameworks */,
				DE83C9A31FB218B20078CD01 /* Resources */,
			);
			buildRules = (
			);
			dependencies = (
				DE83C9A71FB218B20078CD01 /* PBXTargetDependency */,
			);
			name = CallKittyUITests;
			productName = CallKittyUITests;
			productReference = DE83C9A51FB218B20078CD01 /* CallKittyUITests.xctest */;
			productType = "com.apple.product-type.bundle.ui-testing";
		};
/* End PBXNativeTarget section */

/* Begin PBXProject section */
		DE83C97E1FB218B20078CD01 /* Project object */ = {
			isa = PBXProject;
			attributes = {
				LastSwiftUpdateCheck = 0910;
				LastUpgradeCheck = 0920;
				ORGANIZATIONNAME = "Beepscore LLC";
				TargetAttributes = {
					DE33734A1FB2531400F220BB = {
						CreatedOnToolsVersion = 9.1;
						ProvisioningStyle = Automatic;
					};
					DE83C9851FB218B20078CD01 = {
						CreatedOnToolsVersion = 9.1;
						LastSwiftMigration = 0910;
						ProvisioningStyle = Automatic;
					};
					DE83C9991FB218B20078CD01 = {
						CreatedOnToolsVersion = 9.1;
						ProvisioningStyle = Automatic;
						TestTargetID = DE83C9851FB218B20078CD01;
					};
					DE83C9A41FB218B20078CD01 = {
						CreatedOnToolsVersion = 9.1;
						ProvisioningStyle = Automatic;
						TestTargetID = DE83C9851FB218B20078CD01;
					};
				};
			};
			buildConfigurationList = DE83C9811FB218B20078CD01 /* Build configuration list for PBXProject "CallKitty" */;
			compatibilityVersion = "Xcode 8.0";
			developmentRegion = en;
			hasScannedForEncodings = 0;
			knownRegions = (
				en,
				Base,
			);
			mainGroup = DE83C97D1FB218B20078CD01;
			productRefGroup = DE83C9871FB218B20078CD01 /* Products */;
			projectDirPath = "";
			projectRoot = "";
			targets = (
				DE83C9851FB218B20078CD01 /* CallKitty */,
				DE83C9991FB218B20078CD01 /* CallKittyTests */,
				DE83C9A41FB218B20078CD01 /* CallKittyUITests */,
				DE33734A1FB2531400F220BB /* CallKittyDirectoryExtension */,
			);
		};
/* End PBXProject section */

/* Begin PBXResourcesBuildPhase section */
		DE3373491FB2531400F220BB /* Resources */ = {
			isa = PBXResourcesBuildPhase;
			buildActionMask = 2147483647;
			files = (
			);
			runOnlyForDeploymentPostprocessing = 0;
		};
		DE83C9841FB218B20078CD01 /* Resources */ = {
			isa = PBXResourcesBuildPhase;
			buildActionMask = 2147483647;
			files = (
				DEE066941FB578DC00B1C11F /* AddBlocks.storyboard in Resources */,
				DE0B510E1FB58008005A2465 /* Calls.storyboard in Resources */,
				DE83C9941FB218B20078CD01 /* LaunchScreen.storyboard in Resources */,
				DE1CA99F1FB547D700B711EE /* Summary.storyboard in Resources */,
				DE842F3F1FB2355900F9936D /* Ringtone.aif in Resources */,
				DEC4A0681FB5640D00E5A290 /* Edit.storyboard in Resources */,
				DE5FD7931FD5C01700AEF9A1 /* Shared.xcassets in Resources */,
				DE842F3C1FB2301300F9936D /* Localizable.strings in Resources */,
				DE83C98F1FB218B20078CD01 /* Main.storyboard in Resources */,
				DE842F431FB239A100F9936D /* Assets.xcassets in Resources */,
			);
			runOnlyForDeploymentPostprocessing = 0;
		};
		DE83C9981FB218B20078CD01 /* Resources */ = {
			isa = PBXResourcesBuildPhase;
			buildActionMask = 2147483647;
			files = (
			);
			runOnlyForDeploymentPostprocessing = 0;
		};
		DE83C9A31FB218B20078CD01 /* Resources */ = {
			isa = PBXResourcesBuildPhase;
			buildActionMask = 2147483647;
			files = (
			);
			runOnlyForDeploymentPostprocessing = 0;
		};
/* End PBXResourcesBuildPhase section */

/* Begin PBXShellScriptBuildPhase section */
		DE22F7251FB3F7800054E29D /* ShellScript */ = {
			isa = PBXShellScriptBuildPhase;
			buildActionMask = 2147483647;
			files = (
			);
			inputPaths = (
				"$(SRCROOT)/Carthage/Build/iOS/Realm.framework",
				"$(SRCROOT)/Carthage/Build/iOS/RealmSwift.framework",
			);
			outputPaths = (
			);
			runOnlyForDeploymentPostprocessing = 0;
			shellPath = /bin/sh;
			shellScript = "/usr/local/bin/carthage copy-frameworks";
		};
/* End PBXShellScriptBuildPhase section */

/* Begin PBXSourcesBuildPhase section */
		DE3373471FB2531400F220BB /* Sources */ = {
			isa = PBXSourcesBuildPhase;
			buildActionMask = 2147483647;
			files = (
				DEAD53FB1FD5DC940055D181 /* Constants.swift in Sources */,
				DE813CE81FB7F36000952BE2 /* PhoneNumberFormatter.swift in Sources */,
				DE33734E1FB2531400F220BB /* CallDirectoryHandler.swift in Sources */,
				DE813CE71FB7F33F00952BE2 /* PhoneCaller.swift in Sources */,
				DE061B541FB7F2340033B914 /* RealmService.swift in Sources */,
				DEAD53FC1FD5DC9C0055D181 /* LocalIPAddress.swift in Sources */,
			);
			runOnlyForDeploymentPostprocessing = 0;
		};
		DE83C9821FB218B20078CD01 /* Sources */ = {
			isa = PBXSourcesBuildPhase;
			buildActionMask = 2147483647;
			files = (
				DEE066921FB577B400B1C11F /* AddBlocksVC.swift in Sources */,
				DE842F221FB2292300F9936D /* UIFont+CallKitty.swift in Sources */,
				DEA92F5E1FB50C4300A0178C /* RealmService.swift in Sources */,
				DE5FD7941FD5C01700AEF9A1 /* Models.swift in Sources */,
				DE47057A1FB40AD3000FC02D /* PhoneNumberFormatter.swift in Sources */,
				DE83C98A1FB218B20078CD01 /* AppDelegate.swift in Sources */,
				DE842F391FB22F4400F9936D /* CallDurationFormatter.swift in Sources */,
				DE5FD7921FD5C01700AEF9A1 /* Constants.swift in Sources */,
				DE842F311FB22E5B00F9936D /* DialOptionsViewController.swift in Sources */,
				DE4705781FB3FBFA000FC02D /* PhoneCaller.swift in Sources */,
				DE842F2F1FB22E3500F9936D /* CallsViewController.swift in Sources */,
				DE842F361FB22EE600F9936D /* CallSummaryTableViewCell.swift in Sources */,
				DE7AF8F71FB221F400C2D29C /* CallKittyCallManager.swift in Sources */,
				DE41841D1FB91A0A000918D6 /* UIColor+CallKitty.swift in Sources */,
				DE842F201FB2290000F9936D /* Array+CallKitty.swift in Sources */,
				DE842F411FB236C500F9936D /* Audio.swift in Sources */,
				DEFD18A61FBE43F8006A371A /* PhoneCallerStatusHelper.swift in Sources */,
				DE7AF8F91FB221FF00C2D29C /* CallKittyCall.swift in Sources */,
				DE842F331FB22E7400F9936D /* SimulateIncomingCallViewController.swift in Sources */,
				DE1CA9A11FB5483F00B711EE /* SummaryViewController.swift in Sources */,
				DEEABD6C1FB64E3700767C24 /* LongTableViewController.swift in Sources */,
				DEA313C91FC3B04600A4A924 /* CallDirectoryManagerUtils.swift in Sources */,
				DE7AF8F11FB2201A00C2D29C /* ProviderDelegate.swift in Sources */,
				DEC4A0661FB5637F00E5A290 /* EditVC.swift in Sources */,
				DE5FD7951FD5C01700AEF9A1 /* LocalIPAddress.swift in Sources */,
			);
			runOnlyForDeploymentPostprocessing = 0;
		};
		DE83C9961FB218B20078CD01 /* Sources */ = {
			isa = PBXSourcesBuildPhase;
			buildActionMask = 2147483647;
			files = (
				DEA92F5C1FB50BF200A0178C /* RealmServiceTests.swift in Sources */,
				DEC941B21FB298CF009802B7 /* CallDirectoryHandlerTests.swift in Sources */,
				DEFC40481FB2B65200A8E983 /* CallKittyProviderDelegateTests.swift in Sources */,
				DE47057C1FB40DF8000FC02D /* PhoneNumberFormatterTests.swift in Sources */,
				DEFD18A81FBE4492006A371A /* PhoneCallerStatusHelperTests.swift in Sources */,
				DE2F4E0D1FB787BA00CAA2D3 /* AddBlocksVCTests.swift in Sources */,
				DEA396AC1FB420A0007E01BA /* PhoneCallerTests.swift in Sources */,
				DEC941B01FB29671009802B7 /* CallKittyCallTests.swift in Sources */,
			);
			runOnlyForDeploymentPostprocessing = 0;
		};
		DE83C9A11FB218B20078CD01 /* Sources */ = {
			isa = PBXSourcesBuildPhase;
			buildActionMask = 2147483647;
			files = (
				DE83C9AA1FB218B20078CD01 /* CallKittyUITests.swift in Sources */,
			);
			runOnlyForDeploymentPostprocessing = 0;
		};
/* End PBXSourcesBuildPhase section */

/* Begin PBXTargetDependency section */
		DE3373511FB2531400F220BB /* PBXTargetDependency */ = {
			isa = PBXTargetDependency;
			target = DE33734A1FB2531400F220BB /* CallKittyDirectoryExtension */;
			targetProxy = DE3373501FB2531400F220BB /* PBXContainerItemProxy */;
		};
		DE83C99C1FB218B20078CD01 /* PBXTargetDependency */ = {
			isa = PBXTargetDependency;
			target = DE83C9851FB218B20078CD01 /* CallKitty */;
			targetProxy = DE83C99B1FB218B20078CD01 /* PBXContainerItemProxy */;
		};
		DE83C9A71FB218B20078CD01 /* PBXTargetDependency */ = {
			isa = PBXTargetDependency;
			target = DE83C9851FB218B20078CD01 /* CallKitty */;
			targetProxy = DE83C9A61FB218B20078CD01 /* PBXContainerItemProxy */;
		};
/* End PBXTargetDependency section */

/* Begin PBXVariantGroup section */
		DE83C98D1FB218B20078CD01 /* Main.storyboard */ = {
			isa = PBXVariantGroup;
			children = (
				DE83C98E1FB218B20078CD01 /* Base */,
			);
			name = Main.storyboard;
			sourceTree = "<group>";
		};
		DE83C9921FB218B20078CD01 /* LaunchScreen.storyboard */ = {
			isa = PBXVariantGroup;
			children = (
				DE83C9931FB218B20078CD01 /* Base */,
			);
			name = LaunchScreen.storyboard;
			sourceTree = "<group>";
		};
		DE842F3A1FB2301300F9936D /* Localizable.strings */ = {
			isa = PBXVariantGroup;
			children = (
				DE842F3B1FB2301300F9936D /* Base */,
			);
			name = Localizable.strings;
			sourceTree = "<group>";
		};
/* End PBXVariantGroup section */

/* Begin XCBuildConfiguration section */
		DE3373531FB2531400F220BB /* Debug */ = {
			isa = XCBuildConfiguration;
			buildSettings = {
				CODE_SIGN_STYLE = Automatic;
				DEVELOPMENT_TEAM = J2LXK9FK3W;
				FRAMEWORK_SEARCH_PATHS = (
					"$(inherited)",
					"$(PROJECT_DIR)/Carthage/Build/iOS",
				);
				INFOPLIST_FILE = CallKittyDirectoryExtension/Info.plist;
				LD_RUNPATH_SEARCH_PATHS = "$(inherited) @executable_path/Frameworks @executable_path/../../Frameworks";
				PRODUCT_BUNDLE_IDENTIFIER = com.beepscore.CallKitty.CallKittyDirectoryExtension;
				PRODUCT_NAME = "$(TARGET_NAME)";
				SKIP_INSTALL = YES;
				SWIFT_VERSION = 4.0;
				TARGETED_DEVICE_FAMILY = "1,2";
			};
			name = Debug;
		};
		DE3373541FB2531400F220BB /* Release */ = {
			isa = XCBuildConfiguration;
			buildSettings = {
				CODE_SIGN_STYLE = Automatic;
				DEVELOPMENT_TEAM = J2LXK9FK3W;
				FRAMEWORK_SEARCH_PATHS = (
					"$(inherited)",
					"$(PROJECT_DIR)/Carthage/Build/iOS",
				);
				INFOPLIST_FILE = CallKittyDirectoryExtension/Info.plist;
				LD_RUNPATH_SEARCH_PATHS = "$(inherited) @executable_path/Frameworks @executable_path/../../Frameworks";
				PRODUCT_BUNDLE_IDENTIFIER = com.beepscore.CallKitty.CallKittyDirectoryExtension;
				PRODUCT_NAME = "$(TARGET_NAME)";
				SKIP_INSTALL = YES;
				SWIFT_VERSION = 4.0;
				TARGETED_DEVICE_FAMILY = "1,2";
			};
			name = Release;
		};
		DE83C9AC1FB218B20078CD01 /* Debug */ = {
			isa = XCBuildConfiguration;
			buildSettings = {
				ALWAYS_SEARCH_USER_PATHS = NO;
				CLANG_ANALYZER_NONNULL = YES;
				CLANG_ANALYZER_NUMBER_OBJECT_CONVERSION = YES_AGGRESSIVE;
				CLANG_CXX_LANGUAGE_STANDARD = "gnu++14";
				CLANG_CXX_LIBRARY = "libc++";
				CLANG_ENABLE_MODULES = YES;
				CLANG_ENABLE_OBJC_ARC = YES;
				CLANG_WARN_BLOCK_CAPTURE_AUTORELEASING = YES;
				CLANG_WARN_BOOL_CONVERSION = YES;
				CLANG_WARN_COMMA = YES;
				CLANG_WARN_CONSTANT_CONVERSION = YES;
				CLANG_WARN_DIRECT_OBJC_ISA_USAGE = YES_ERROR;
				CLANG_WARN_DOCUMENTATION_COMMENTS = YES;
				CLANG_WARN_EMPTY_BODY = YES;
				CLANG_WARN_ENUM_CONVERSION = YES;
				CLANG_WARN_INFINITE_RECURSION = YES;
				CLANG_WARN_INT_CONVERSION = YES;
				CLANG_WARN_NON_LITERAL_NULL_CONVERSION = YES;
				CLANG_WARN_OBJC_LITERAL_CONVERSION = YES;
				CLANG_WARN_OBJC_ROOT_CLASS = YES_ERROR;
				CLANG_WARN_RANGE_LOOP_ANALYSIS = YES;
				CLANG_WARN_STRICT_PROTOTYPES = YES;
				CLANG_WARN_SUSPICIOUS_MOVE = YES;
				CLANG_WARN_UNGUARDED_AVAILABILITY = YES_AGGRESSIVE;
				CLANG_WARN_UNREACHABLE_CODE = YES;
				CLANG_WARN__DUPLICATE_METHOD_MATCH = YES;
				CODE_SIGN_IDENTITY = "iPhone Developer";
				COPY_PHASE_STRIP = NO;
				DEBUG_INFORMATION_FORMAT = dwarf;
				ENABLE_STRICT_OBJC_MSGSEND = YES;
				ENABLE_TESTABILITY = YES;
				GCC_C_LANGUAGE_STANDARD = gnu11;
				GCC_DYNAMIC_NO_PIC = NO;
				GCC_NO_COMMON_BLOCKS = YES;
				GCC_OPTIMIZATION_LEVEL = 0;
				GCC_PREPROCESSOR_DEFINITIONS = (
					"DEBUG=1",
					"$(inherited)",
				);
				GCC_WARN_64_TO_32_BIT_CONVERSION = YES;
				GCC_WARN_ABOUT_RETURN_TYPE = YES_ERROR;
				GCC_WARN_UNDECLARED_SELECTOR = YES;
				GCC_WARN_UNINITIALIZED_AUTOS = YES_AGGRESSIVE;
				GCC_WARN_UNUSED_FUNCTION = YES;
				GCC_WARN_UNUSED_VARIABLE = YES;
				IPHONEOS_DEPLOYMENT_TARGET = 11.1;
				MTL_ENABLE_DEBUG_INFO = YES;
				ONLY_ACTIVE_ARCH = YES;
				SDKROOT = iphoneos;
				SWIFT_ACTIVE_COMPILATION_CONDITIONS = DEBUG;
				SWIFT_OPTIMIZATION_LEVEL = "-Onone";
			};
			name = Debug;
		};
		DE83C9AD1FB218B20078CD01 /* Release */ = {
			isa = XCBuildConfiguration;
			buildSettings = {
				ALWAYS_SEARCH_USER_PATHS = NO;
				CLANG_ANALYZER_NONNULL = YES;
				CLANG_ANALYZER_NUMBER_OBJECT_CONVERSION = YES_AGGRESSIVE;
				CLANG_CXX_LANGUAGE_STANDARD = "gnu++14";
				CLANG_CXX_LIBRARY = "libc++";
				CLANG_ENABLE_MODULES = YES;
				CLANG_ENABLE_OBJC_ARC = YES;
				CLANG_WARN_BLOCK_CAPTURE_AUTORELEASING = YES;
				CLANG_WARN_BOOL_CONVERSION = YES;
				CLANG_WARN_COMMA = YES;
				CLANG_WARN_CONSTANT_CONVERSION = YES;
				CLANG_WARN_DIRECT_OBJC_ISA_USAGE = YES_ERROR;
				CLANG_WARN_DOCUMENTATION_COMMENTS = YES;
				CLANG_WARN_EMPTY_BODY = YES;
				CLANG_WARN_ENUM_CONVERSION = YES;
				CLANG_WARN_INFINITE_RECURSION = YES;
				CLANG_WARN_INT_CONVERSION = YES;
				CLANG_WARN_NON_LITERAL_NULL_CONVERSION = YES;
				CLANG_WARN_OBJC_LITERAL_CONVERSION = YES;
				CLANG_WARN_OBJC_ROOT_CLASS = YES_ERROR;
				CLANG_WARN_RANGE_LOOP_ANALYSIS = YES;
				CLANG_WARN_STRICT_PROTOTYPES = YES;
				CLANG_WARN_SUSPICIOUS_MOVE = YES;
				CLANG_WARN_UNGUARDED_AVAILABILITY = YES_AGGRESSIVE;
				CLANG_WARN_UNREACHABLE_CODE = YES;
				CLANG_WARN__DUPLICATE_METHOD_MATCH = YES;
				CODE_SIGN_IDENTITY = "iPhone Developer";
				COPY_PHASE_STRIP = NO;
				DEBUG_INFORMATION_FORMAT = "dwarf-with-dsym";
				ENABLE_NS_ASSERTIONS = NO;
				ENABLE_STRICT_OBJC_MSGSEND = YES;
				GCC_C_LANGUAGE_STANDARD = gnu11;
				GCC_NO_COMMON_BLOCKS = YES;
				GCC_WARN_64_TO_32_BIT_CONVERSION = YES;
				GCC_WARN_ABOUT_RETURN_TYPE = YES_ERROR;
				GCC_WARN_UNDECLARED_SELECTOR = YES;
				GCC_WARN_UNINITIALIZED_AUTOS = YES_AGGRESSIVE;
				GCC_WARN_UNUSED_FUNCTION = YES;
				GCC_WARN_UNUSED_VARIABLE = YES;
				IPHONEOS_DEPLOYMENT_TARGET = 11.1;
				MTL_ENABLE_DEBUG_INFO = NO;
				SDKROOT = iphoneos;
				SWIFT_OPTIMIZATION_LEVEL = "-Owholemodule";
				VALIDATE_PRODUCT = YES;
			};
			name = Release;
		};
		DE83C9AF1FB218B20078CD01 /* Debug */ = {
			isa = XCBuildConfiguration;
			buildSettings = {
				ALWAYS_EMBED_SWIFT_STANDARD_LIBRARIES = YES;
				ASSETCATALOG_COMPILER_APPICON_NAME = AppIcon;
				CLANG_ENABLE_MODULES = YES;
				CODE_SIGN_STYLE = Automatic;
				DEVELOPMENT_TEAM = J2LXK9FK3W;
				FRAMEWORK_SEARCH_PATHS = (
					"$(inherited)",
					"$(PROJECT_DIR)/Carthage/Build/iOS",
				);
				INFOPLIST_FILE = CallKitty/Info.plist;
				IPHONEOS_DEPLOYMENT_TARGET = 11.0;
				LD_RUNPATH_SEARCH_PATHS = "$(inherited) @executable_path/Frameworks";
				PRODUCT_BUNDLE_IDENTIFIER = com.beepscore.CallKitty;
				PRODUCT_NAME = "$(TARGET_NAME)";
				SWIFT_OPTIMIZATION_LEVEL = "-Onone";
				SWIFT_VERSION = 4.0;
				TARGETED_DEVICE_FAMILY = "1,2";
			};
			name = Debug;
		};
		DE83C9B01FB218B20078CD01 /* Release */ = {
			isa = XCBuildConfiguration;
			buildSettings = {
				ALWAYS_EMBED_SWIFT_STANDARD_LIBRARIES = YES;
				ASSETCATALOG_COMPILER_APPICON_NAME = AppIcon;
				CLANG_ENABLE_MODULES = YES;
				CODE_SIGN_STYLE = Automatic;
				DEVELOPMENT_TEAM = J2LXK9FK3W;
				FRAMEWORK_SEARCH_PATHS = (
					"$(inherited)",
					"$(PROJECT_DIR)/Carthage/Build/iOS",
				);
				INFOPLIST_FILE = CallKitty/Info.plist;
				IPHONEOS_DEPLOYMENT_TARGET = 11.0;
				LD_RUNPATH_SEARCH_PATHS = "$(inherited) @executable_path/Frameworks";
				PRODUCT_BUNDLE_IDENTIFIER = com.beepscore.CallKitty;
				PRODUCT_NAME = "$(TARGET_NAME)";
				SWIFT_VERSION = 4.0;
				TARGETED_DEVICE_FAMILY = "1,2";
			};
			name = Release;
		};
		DE83C9B21FB218B20078CD01 /* Debug */ = {
			isa = XCBuildConfiguration;
			buildSettings = {
				ALWAYS_EMBED_SWIFT_STANDARD_LIBRARIES = YES;
				BUNDLE_LOADER = "$(TEST_HOST)";
				CODE_SIGN_STYLE = Automatic;
				DEVELOPMENT_TEAM = J2LXK9FK3W;
				FRAMEWORK_SEARCH_PATHS = (
					"$(inherited)",
					"$(PROJECT_DIR)/Carthage/Build/iOS",
				);
				INFOPLIST_FILE = CallKittyTests/Info.plist;
				LD_RUNPATH_SEARCH_PATHS = "$(inherited) @executable_path/Frameworks @loader_path/Frameworks";
				PRODUCT_BUNDLE_IDENTIFIER = com.beepscore.CallKittyTests;
				PRODUCT_NAME = "$(TARGET_NAME)";
				SWIFT_VERSION = 4.0;
				TARGETED_DEVICE_FAMILY = "1,2";
				TEST_HOST = "$(BUILT_PRODUCTS_DIR)/CallKitty.app/CallKitty";
			};
			name = Debug;
		};
		DE83C9B31FB218B20078CD01 /* Release */ = {
			isa = XCBuildConfiguration;
			buildSettings = {
				ALWAYS_EMBED_SWIFT_STANDARD_LIBRARIES = YES;
				BUNDLE_LOADER = "$(TEST_HOST)";
				CODE_SIGN_STYLE = Automatic;
				DEVELOPMENT_TEAM = J2LXK9FK3W;
				FRAMEWORK_SEARCH_PATHS = (
					"$(inherited)",
					"$(PROJECT_DIR)/Carthage/Build/iOS",
				);
				INFOPLIST_FILE = CallKittyTests/Info.plist;
				LD_RUNPATH_SEARCH_PATHS = "$(inherited) @executable_path/Frameworks @loader_path/Frameworks";
				PRODUCT_BUNDLE_IDENTIFIER = com.beepscore.CallKittyTests;
				PRODUCT_NAME = "$(TARGET_NAME)";
				SWIFT_VERSION = 4.0;
				TARGETED_DEVICE_FAMILY = "1,2";
				TEST_HOST = "$(BUILT_PRODUCTS_DIR)/CallKitty.app/CallKitty";
			};
			name = Release;
		};
		DE83C9B51FB218B20078CD01 /* Debug */ = {
			isa = XCBuildConfiguration;
			buildSettings = {
				ALWAYS_EMBED_SWIFT_STANDARD_LIBRARIES = YES;
				CODE_SIGN_STYLE = Automatic;
				DEVELOPMENT_TEAM = J2LXK9FK3W;
				INFOPLIST_FILE = CallKittyUITests/Info.plist;
				LD_RUNPATH_SEARCH_PATHS = "$(inherited) @executable_path/Frameworks @loader_path/Frameworks";
				PRODUCT_BUNDLE_IDENTIFIER = com.beepscore.CallKittyUITests;
				PRODUCT_NAME = "$(TARGET_NAME)";
				SWIFT_VERSION = 4.0;
				TARGETED_DEVICE_FAMILY = "1,2";
				TEST_TARGET_NAME = CallKitty;
			};
			name = Debug;
		};
		DE83C9B61FB218B20078CD01 /* Release */ = {
			isa = XCBuildConfiguration;
			buildSettings = {
				ALWAYS_EMBED_SWIFT_STANDARD_LIBRARIES = YES;
				CODE_SIGN_STYLE = Automatic;
				DEVELOPMENT_TEAM = J2LXK9FK3W;
				INFOPLIST_FILE = CallKittyUITests/Info.plist;
				LD_RUNPATH_SEARCH_PATHS = "$(inherited) @executable_path/Frameworks @loader_path/Frameworks";
				PRODUCT_BUNDLE_IDENTIFIER = com.beepscore.CallKittyUITests;
				PRODUCT_NAME = "$(TARGET_NAME)";
				SWIFT_VERSION = 4.0;
				TARGETED_DEVICE_FAMILY = "1,2";
				TEST_TARGET_NAME = CallKitty;
			};
			name = Release;
		};
/* End XCBuildConfiguration section */

/* Begin XCConfigurationList section */
		DE3373551FB2531400F220BB /* Build configuration list for PBXNativeTarget "CallKittyDirectoryExtension" */ = {
			isa = XCConfigurationList;
			buildConfigurations = (
				DE3373531FB2531400F220BB /* Debug */,
				DE3373541FB2531400F220BB /* Release */,
			);
			defaultConfigurationIsVisible = 0;
			defaultConfigurationName = Release;
		};
		DE83C9811FB218B20078CD01 /* Build configuration list for PBXProject "CallKitty" */ = {
			isa = XCConfigurationList;
			buildConfigurations = (
				DE83C9AC1FB218B20078CD01 /* Debug */,
				DE83C9AD1FB218B20078CD01 /* Release */,
			);
			defaultConfigurationIsVisible = 0;
			defaultConfigurationName = Release;
		};
		DE83C9AE1FB218B20078CD01 /* Build configuration list for PBXNativeTarget "CallKitty" */ = {
			isa = XCConfigurationList;
			buildConfigurations = (
				DE83C9AF1FB218B20078CD01 /* Debug */,
				DE83C9B01FB218B20078CD01 /* Release */,
			);
			defaultConfigurationIsVisible = 0;
			defaultConfigurationName = Release;
		};
		DE83C9B11FB218B20078CD01 /* Build configuration list for PBXNativeTarget "CallKittyTests" */ = {
			isa = XCConfigurationList;
			buildConfigurations = (
				DE83C9B21FB218B20078CD01 /* Debug */,
				DE83C9B31FB218B20078CD01 /* Release */,
			);
			defaultConfigurationIsVisible = 0;
			defaultConfigurationName = Release;
		};
		DE83C9B41FB218B20078CD01 /* Build configuration list for PBXNativeTarget "CallKittyUITests" */ = {
			isa = XCConfigurationList;
			buildConfigurations = (
				DE83C9B51FB218B20078CD01 /* Debug */,
				DE83C9B61FB218B20078CD01 /* Release */,
			);
			defaultConfigurationIsVisible = 0;
			defaultConfigurationName = Release;
		};
/* End XCConfigurationList section */
	};
	rootObject = DE83C97E1FB218B20078CD01 /* Project object */;
}
